// !$*UTF8*$!
{
	archiveVersion = 1;
	classes = {
	};
	objectVersion = 77;
	objects = {

/* Begin PBXBuildFile section */
		004CC0CA0884E13B22A40080 /* HttpServer.m in Sources */ = {isa = PBXBuildFile; fileRef = 5F52AE13C64F11ECDB98EF27 /* HttpServer.m */; };
		008FE5347F2345AF4F774B7D /* ExploreHandler.m in Sources */ = {isa = PBXBuildFile; fileRef = A1EF5E6E6B04B1EB3CA0BFAA /* ExploreHandler.m */; };
		0157C1A9749514C1ABA8F654 /* NotificationService.m in Sources */ = {isa = PBXBuildFile; fileRef = 6395E8F411526B8CD82E2452 /* NotificationService.m */; };
		01B40C987B0FDB5F0BF8192E /* PDSDatabase.m in Sources */ = {isa = PBXBuildFile; fileRef = ED1DB8932855854D7F050021 /* PDSDatabase.m */; };
		05DF166AA6CF325A058E6008 /* DID.m in Sources */ = {isa = PBXBuildFile; fileRef = 70793FD32A722F24E9A29397 /* DID.m */; };
		09743C4CF665185AD3746693 /* main.m in Sources */ = {isa = PBXBuildFile; fileRef = 4F6A3A6493D212814D176E01 /* main.m */; };
		09B98F7ABC432D4E9448CD9A /* DID.m in Sources */ = {isa = PBXBuildFile; fileRef = 70793FD32A722F24E9A29397 /* DID.m */; };
		0BACAA849D86B1773C74A31E /* HandleResolver.m in Sources */ = {isa = PBXBuildFile; fileRef = CD71AB9F9A4B77FB1A7737E5 /* HandleResolver.m */; };
		0D651E32C6CA554448718420 /* Secp256k1.m in Sources */ = {isa = PBXBuildFile; fileRef = A1F4C2A2BF464F3B8C6AF205 /* Secp256k1.m */; };
		0DEEE5210BFBC66595D6440F /* ActorStoreTests.m in Sources */ = {isa = PBXBuildFile; fileRef = 0214FC3DE18321F8D5B7BE0A /* ActorStoreTests.m */; };
		0E28D9BF9BB046EADCB23932 /* PDSAdminAuth.m in Sources */ = {isa = PBXBuildFile; fileRef = 078169533EB5BB854804930F /* PDSAdminAuth.m */; };
		0FF62F68A9D783AB4C73C24C /* PDSCLIDispatcher.m in Sources */ = {isa = PBXBuildFile; fileRef = C7F198C8CD6E00486F2CB332 /* PDSCLIDispatcher.m */; };
		1069EE35302911EBD0DBD914 /* RelayClient.m in Sources */ = {isa = PBXBuildFile; fileRef = 28B378782EC8375BB300C319 /* RelayClient.m */; };
		115BBBE84C088FE385F47A05 /* EventFormatter.m in Sources */ = {isa = PBXBuildFile; fileRef = 72141EF4620C865A5A049254 /* EventFormatter.m */; };
		1190EFB27E64CA71E6E11C28 /* PDSAuthzManager.m in Sources */ = {isa = PBXBuildFile; fileRef = 19E21EC663E00877FECED32C /* PDSAuthzManager.m */; };
		13768FF7B8910629CFACE2A7 /* PDSLogger.m in Sources */ = {isa = PBXBuildFile; fileRef = D8F99115895FEB9FB5A13CFB /* PDSLogger.m */; };
		16B01C7B094A49BFCC2BA3BA /* secp256k1_wrapper_c.c in Sources */ = {isa = PBXBuildFile; fileRef = F1894C052B2C2E47B70D3C08 /* secp256k1_wrapper_c.c */; };
		177C407401DEED9BAB872760 /* JWT.m in Sources */ = {isa = PBXBuildFile; fileRef = 6C95E779B2C5D8F15D5BCF1E /* JWT.m */; };
		178D9E49C9E5140944FD2317 /* CID.m in Sources */ = {isa = PBXBuildFile; fileRef = 06AAB57626EFEA167865CFAA /* CID.m */; };
		17EABD78F24EF905CA8E14D5 /* PDSCLIInviteCommand.m in Sources */ = {isa = PBXBuildFile; fileRef = 4D9D18510D973B64EF02C0C1 /* PDSCLIInviteCommand.m */; };
		18DDB55DF83953CDFE84339D /* KeyManager.m in Sources */ = {isa = PBXBuildFile; fileRef = AB01192492D762E3EC4F8AA6 /* KeyManager.m */; };
		1916A52C6232C345295A5A72 /* PDSLogger.m in Sources */ = {isa = PBXBuildFile; fileRef = D8F99115895FEB9FB5A13CFB /* PDSLogger.m */; };
		1938FE3F38D418984EF39213 /* NotificationService.m in Sources */ = {isa = PBXBuildFile; fileRef = 6395E8F411526B8CD82E2452 /* NotificationService.m */; };
		19BEA27A9DFF3F8A5E2F6D9B /* ui.js in Resources */ = {isa = PBXBuildFile; fileRef = 946E0676B4F66E32111CBEB4 /* ui.js */; };
		1A11805466462DDC36425268 /* AdminService.m in Sources */ = {isa = PBXBuildFile; fileRef = 65094121F352BA7B94E58718 /* AdminService.m */; };
		1D970518D3752540EBB3A094 /* README.md in Resources */ = {isa = PBXBuildFile; fileRef = 49DF1450F13B26A68E3028CD /* README.md */; };
		1E31A4ABB933990A1D70A060 /* DatabasePoolTests.m in Sources */ = {isa = PBXBuildFile; fileRef = FD60337D1BD931B747E18447 /* DatabasePoolTests.m */; };
		1EC8F7562E95715DBA35C5AB /* PDSDatabase.m in Sources */ = {isa = PBXBuildFile; fileRef = ED1DB8932855854D7F050021 /* PDSDatabase.m */; };
		1ED9636895C1C9900EE29D88 /* MimeTypeValidator.m in Sources */ = {isa = PBXBuildFile; fileRef = 3080CD0A1D2B5AA90C60BFBD /* MimeTypeValidator.m */; };
		20B9DF742445C357555173BE /* CAR.m in Sources */ = {isa = PBXBuildFile; fileRef = 844A01B4D081E7AC7D68F999 /* CAR.m */; };
		21B254C4B9F37DF155BE85BA /* TID.m in Sources */ = {isa = PBXBuildFile; fileRef = BB508C7DD5AAB4F09A76F9C1 /* TID.m */; };
		21C83EF2F7BBB182B143DD5D /* api.js in Resources */ = {isa = PBXBuildFile; fileRef = 8C363A1EFF6A5D24DCDC274A /* api.js */; };
		22A1E5636A4CCE39E0620956 /* PDSLogger.m in Sources */ = {isa = PBXBuildFile; fileRef = D8F99115895FEB9FB5A13CFB /* PDSLogger.m */; };
		237408A08DDB66581C6184A2 /* AdminMiddleware.m in Sources */ = {isa = PBXBuildFile; fileRef = 62B81FE3136D7AE5420ECA82 /* AdminMiddleware.m */; };
		251335E6D91D9A55074F4C9E /* RepoCommit.m in Sources */ = {isa = PBXBuildFile; fileRef = 26CD447DBF7F72C5D8C8F9E1 /* RepoCommit.m */; };
		25E8C10E77CF5C33F5E44A40 /* AdminMiddleware.m in Sources */ = {isa = PBXBuildFile; fileRef = 62B81FE3136D7AE5420ECA82 /* AdminMiddleware.m */; };
		262781A785C0367729496536 /* Firehose.m in Sources */ = {isa = PBXBuildFile; fileRef = 82032BB378CA75360057C78C /* Firehose.m */; };
		2737E9D024370AB60FEFDBFE /* test_runner.m.disabled in Resources */ = {isa = PBXBuildFile; fileRef = 97FED9489AB6CEB9119BFFF3 /* test_runner.m.disabled */; };
		2A02B9EDD7E9A2A9C00A536F /* plc.js in Resources */ = {isa = PBXBuildFile; fileRef = 460AF9F2CC3EBAEC8A1F97C5 /* plc.js */; };
		2B913A049DFF637B8902DA84 /* HttpRequest.m in Sources */ = {isa = PBXBuildFile; fileRef = 0D75960A0F029E93BFBF470F /* HttpRequest.m */; };
		2C393B495F44E87FAFDD412C /* PDSMetrics.m in Sources */ = {isa = PBXBuildFile; fileRef = 0026557635DCF274E9A6B0E0 /* PDSMetrics.m */; };
		2C4A8CBC8C139A56401CAD90 /* Schema.m in Sources */ = {isa = PBXBuildFile; fileRef = 789F74E8B0D2264C2362EC66 /* Schema.m */; };
		2D5EC9AB563ACAAD5F078AFF /* HttpResponse.m in Sources */ = {isa = PBXBuildFile; fileRef = 1341CF4A9C802E2BCFB274F9 /* HttpResponse.m */; };
		2DBAEE36CA2BE3420C8DF3B6 /* DPoPUtil.m in Sources */ = {isa = PBXBuildFile; fileRef = 04B4C38E49BBDDC6D76223FA /* DPoPUtil.m */; };
		2DD566F83AD54EF1E188A2F1 /* PDSInputValidator.m in Sources */ = {isa = PBXBuildFile; fileRef = 9D11C41379F1C6554020EBB8 /* PDSInputValidator.m */; };
		2F417376D4A3504D95854F10 /* DID.m in Sources */ = {isa = PBXBuildFile; fileRef = 70793FD32A722F24E9A29397 /* DID.m */; };
		2F901E86C47B6E1423F0D959 /* main.m in Sources */ = {isa = PBXBuildFile; fileRef = 1C4E234D2CBED7F06914D6F7 /* main.m */; };
		2FCD08E3429BE00468C43AC3 /* Session.m in Sources */ = {isa = PBXBuildFile; fileRef = 7587CBBB99E3730937CB225D /* Session.m */; };
		304F7B15C85FC94C5B29823D /* WebSocketServer.m in Sources */ = {isa = PBXBuildFile; fileRef = BA2B29A7692E12F9AD70BFEB /* WebSocketServer.m */; };
		308620C30481F9FB81563533 /* KeyManager.m in Sources */ = {isa = PBXBuildFile; fileRef = AB01192492D762E3EC4F8AA6 /* KeyManager.m */; };
		310BA50E07461DA8CEA77A38 /* JWT.m in Sources */ = {isa = PBXBuildFile; fileRef = 6C95E779B2C5D8F15D5BCF1E /* JWT.m */; };
		317EC89BC2FF9D32FD735C93 /* PDSConfiguration.m in Sources */ = {isa = PBXBuildFile; fileRef = 410376300C0583C121A36EFC /* PDSConfiguration.m */; };
		343AD6C5D2496625A3AC5042 /* PDSCLIInviteCommand.m in Sources */ = {isa = PBXBuildFile; fileRef = 4D9D18510D973B64EF02C0C1 /* PDSCLIInviteCommand.m */; };
		343C1E584C94F67A173BDE35 /* test_main.m in Sources */ = {isa = PBXBuildFile; fileRef = 65C4CDB677A07DB3B3731FF6 /* test_main.m */; };
		3497A1496695288C8621040D /* PDSCLIAccountCommand.m in Sources */ = {isa = PBXBuildFile; fileRef = 66355F5CF17EA4A687EAF0F7 /* PDSCLIAccountCommand.m */; };
		3621A385C6E1E285F9FDD6B1 /* WebSocketConnection.m in Sources */ = {isa = PBXBuildFile; fileRef = B63B35112A4CBA3512F814E1 /* WebSocketConnection.m */; };
		36305FB992436F28BA161F3C /* KeyManager.m in Sources */ = {isa = PBXBuildFile; fileRef = AB01192492D762E3EC4F8AA6 /* KeyManager.m */; };
		363BDECAA3446B95425D4E7D /* WebSocketConnection.m in Sources */ = {isa = PBXBuildFile; fileRef = B63B35112A4CBA3512F814E1 /* WebSocketConnection.m */; };
		3643E153FA1193EF31CFE09F /* PDSController.m in Sources */ = {isa = PBXBuildFile; fileRef = DC5DE3B23EED06E4B6AF9CFE /* PDSController.m */; };
		38585CD2BF992EA7A752522C /* NotificationService.m in Sources */ = {isa = PBXBuildFile; fileRef = 6395E8F411526B8CD82E2452 /* NotificationService.m */; };
		388946059AA22E8B1A616278 /* OAuthSession.m in Sources */ = {isa = PBXBuildFile; fileRef = 185CF5645EFEE72786447F6A /* OAuthSession.m */; };
		38FA172FC5AEF36737939C26 /* AppDelegate.m in Sources */ = {isa = PBXBuildFile; fileRef = F14D15D04D006413886EF66C /* AppDelegate.m */; };
		3BEED6D4A76663A641BC1AE4 /* Schema.m in Sources */ = {isa = PBXBuildFile; fileRef = 789F74E8B0D2264C2362EC66 /* Schema.m */; };
		3E3C74DD3E3A677E82B48B8F /* RelayClient.m in Sources */ = {isa = PBXBuildFile; fileRef = 28B378782EC8375BB300C319 /* RelayClient.m */; };
		40D6E1B71585EC53477FDC20 /* api.js in Resources */ = {isa = PBXBuildFile; fileRef = 8C363A1EFF6A5D24DCDC274A /* api.js */; };
		40E02EA897595FF0B285CD16 /* EventFormatter.m in Sources */ = {isa = PBXBuildFile; fileRef = 72141EF4620C865A5A049254 /* EventFormatter.m */; };
		40FE037EC6C3D9674EF49B6F /* PDSAuthzManager.m in Sources */ = {isa = PBXBuildFile; fileRef = 19E21EC663E00877FECED32C /* PDSAuthzManager.m */; };
		4151FEB37521820C78416E2D /* PDSInputValidator.m in Sources */ = {isa = PBXBuildFile; fileRef = 9D11C41379F1C6554020EBB8 /* PDSInputValidator.m */; };
		42918AD2BBBF3D0AFFA75032 /* XrpcMethodRegistry.m in Sources */ = {isa = PBXBuildFile; fileRef = 386A82FBAAD1F66F9A039AF9 /* XrpcMethodRegistry.m */; };
		4443D445B64FC461305EF827 /* ExploreHandler.m in Sources */ = {isa = PBXBuildFile; fileRef = A1EF5E6E6B04B1EB3CA0BFAA /* ExploreHandler.m */; };
		466BCE77E505C99A75809FE3 /* WebSocketConnection.m in Sources */ = {isa = PBXBuildFile; fileRef = B63B35112A4CBA3512F814E1 /* WebSocketConnection.m */; };
		47E4306924825903F73CD995 /* did.js in Resources */ = {isa = PBXBuildFile; fileRef = 8F0DB2EEB7D4EACE7A46411F /* did.js */; };
		4824A197FD87E891A356F012 /* MST.m in Sources */ = {isa = PBXBuildFile; fileRef = 84A333A035BF30955641E999 /* MST.m */; };
		49BCEDB86D2FD27489A228D2 /* PDSControllerTests.m in Sources */ = {isa = PBXBuildFile; fileRef = 1CE4A0C6F2762ED17A928D64 /* PDSControllerTests.m */; };
		4DAE0D2ECAEEEDBEED504538 /* CID.m in Sources */ = {isa = PBXBuildFile; fileRef = 06AAB57626EFEA167865CFAA /* CID.m */; };
		502DDAFEEFB62D27D025DAC3 /* ui.js in Resources */ = {isa = PBXBuildFile; fileRef = 946E0676B4F66E32111CBEB4 /* ui.js */; };
		5133AC0A1B103DF8FCBB83DB /* index.html in Resources */ = {isa = PBXBuildFile; fileRef = 0558DEF4D90EB04605F8ECEE /* index.html */; };
		51D5174496DBAA6BB011BFBA /* PDSAuthzManager.m in Sources */ = {isa = PBXBuildFile; fileRef = 19E21EC663E00877FECED32C /* PDSAuthzManager.m */; };
		52F964A5E797C20A4191DC16 /* EventFormatter.m in Sources */ = {isa = PBXBuildFile; fileRef = 72141EF4620C865A5A049254 /* EventFormatter.m */; };
		5542EF1B4E76617279335828 /* cid.js in Resources */ = {isa = PBXBuildFile; fileRef = 987F96DC875C3EECDC0940D4 /* cid.js */; };
		56010148F913CF06656FC740 /* PDSCLIServeCommand.m in Sources */ = {isa = PBXBuildFile; fileRef = 90D9EFC3A6F37DA9627455A1 /* PDSCLIServeCommand.m */; };
		575F468A88930D0A5C56A971 /* Firehose.m in Sources */ = {isa = PBXBuildFile; fileRef = 82032BB378CA75360057C78C /* Firehose.m */; };
		5994A9579547581B3F6F4A96 /* RelayClient.m in Sources */ = {isa = PBXBuildFile; fileRef = 28B378782EC8375BB300C319 /* RelayClient.m */; };
		5BFD3F11787F9884FD188E61 /* XrpcHandler.m in Sources */ = {isa = PBXBuildFile; fileRef = 0C59F464C53BE5282B079E29 /* XrpcHandler.m */; };
		5C243DDDA5A8686AFC256327 /* cid.js in Resources */ = {isa = PBXBuildFile; fileRef = 987F96DC875C3EECDC0940D4 /* cid.js */; };
		5CFC9CB360251FD38E52081B /* ExploreCache.m in Sources */ = {isa = PBXBuildFile; fileRef = D67A3DC7E783A0E981232A69 /* ExploreCache.m */; };
		5FAC6DC0A5B39440615A39FF /* HttpServer.m in Sources */ = {isa = PBXBuildFile; fileRef = 5F52AE13C64F11ECDB98EF27 /* HttpServer.m */; };
		627A4F87B22FEE7581C671EE /* PDSConfiguration.m in Sources */ = {isa = PBXBuildFile; fileRef = 410376300C0583C121A36EFC /* PDSConfiguration.m */; };
		6343ECA8789C476D5C9BDFF3 /* MST.m in Sources */ = {isa = PBXBuildFile; fileRef = 84A333A035BF30955641E999 /* MST.m */; };
		63FA2A8DA563C1C9294A752C /* Firehose.m in Sources */ = {isa = PBXBuildFile; fileRef = 82032BB378CA75360057C78C /* Firehose.m */; };
		64F0A969C2A0F7A7C3CBDF46 /* PDSMetrics.m in Sources */ = {isa = PBXBuildFile; fileRef = 0026557635DCF274E9A6B0E0 /* PDSMetrics.m */; };
		662CC79D48E24DFD9BFACED7 /* MimeTypeValidator.m in Sources */ = {isa = PBXBuildFile; fileRef = 3080CD0A1D2B5AA90C60BFBD /* MimeTypeValidator.m */; };
		6696DD500E927CA4F9B77E9E /* CBOR.m in Sources */ = {isa = PBXBuildFile; fileRef = CB5CC8A2FE10F93E8105A409 /* CBOR.m */; };
		699FE823F23D13877B1F3350 /* PDSAdminAuth.m in Sources */ = {isa = PBXBuildFile; fileRef = 078169533EB5BB854804930F /* PDSAdminAuth.m */; };
		69C11860C06F4766D8A526FF /* PDSHealthCheck.m in Sources */ = {isa = PBXBuildFile; fileRef = B921F18DE38EAA82F5CB4635 /* PDSHealthCheck.m */; };
		69E30AE41B439E415C9ACA06 /* Session.m in Sources */ = {isa = PBXBuildFile; fileRef = 7587CBBB99E3730937CB225D /* Session.m */; };
		69ECBA11E0D3F767E622E4BC /* TID.m in Sources */ = {isa = PBXBuildFile; fileRef = BB508C7DD5AAB4F09A76F9C1 /* TID.m */; };
		69F073F702DA0905B49D9FE6 /* HttpRequest.m in Sources */ = {isa = PBXBuildFile; fileRef = 0D75960A0F029E93BFBF470F /* HttpRequest.m */; };
		6B42FE2E2F7AD8B6EBD12D6A /* api.js in Resources */ = {isa = PBXBuildFile; fileRef = 8C363A1EFF6A5D24DCDC274A /* api.js */; };
		6C1363C9F472E335AFECC90B /* RateLimiter.m in Sources */ = {isa = PBXBuildFile; fileRef = 4F9C290E3512B256148B5BB5 /* RateLimiter.m */; };
		6E7E6183C484AD2435D1F8B3 /* test_runner.m.disabled in Resources */ = {isa = PBXBuildFile; fileRef = 97FED9489AB6CEB9119BFFF3 /* test_runner.m.disabled */; };
		6E8E9265F8670906ABB0BF04 /* PDSCLIServeCommand.m in Sources */ = {isa = PBXBuildFile; fileRef = 90D9EFC3A6F37DA9627455A1 /* PDSCLIServeCommand.m */; };
		6EEBAC3A62F0948CF6878445 /* PDSCLIDispatcher.m in Sources */ = {isa = PBXBuildFile; fileRef = C7F198C8CD6E00486F2CB332 /* PDSCLIDispatcher.m */; };
		6EFAD55AD71A374D7CEA58B1 /* HttpRequest.m in Sources */ = {isa = PBXBuildFile; fileRef = 0D75960A0F029E93BFBF470F /* HttpRequest.m */; };
		6F75934CD4734D37CDBCDBC4 /* PDSController.m in Sources */ = {isa = PBXBuildFile; fileRef = DC5DE3B23EED06E4B6AF9CFE /* PDSController.m */; };
		708B1DC740250B509DB47604 /* Secp256k1.m in Sources */ = {isa = PBXBuildFile; fileRef = A1F4C2A2BF464F3B8C6AF205 /* Secp256k1.m */; };
		70BAC50858354A3229F5819A /* RateLimiter.m in Sources */ = {isa = PBXBuildFile; fileRef = 4F9C290E3512B256148B5BB5 /* RateLimiter.m */; };
		7455F5CAAA4F59AB9C2DAA13 /* WebSocketServer.m in Sources */ = {isa = PBXBuildFile; fileRef = BA2B29A7692E12F9AD70BFEB /* WebSocketServer.m */; };
		7737A3F9A23106559282D581 /* PDSMetrics.m in Sources */ = {isa = PBXBuildFile; fileRef = 0026557635DCF274E9A6B0E0 /* PDSMetrics.m */; };
		79E2D3A507A4AA045580026A /* PDSCLIHealthCommand.m in Sources */ = {isa = PBXBuildFile; fileRef = 35EB11F9969D0368DBB24A7F /* PDSCLIHealthCommand.m */; };
		7B27D0C64692AA782768F2C9 /* PDSDatabase.m in Sources */ = {isa = PBXBuildFile; fileRef = ED1DB8932855854D7F050021 /* PDSDatabase.m */; };
		7C3ED787530475C04293A26E /* ServiceDatabases.m in Sources */ = {isa = PBXBuildFile; fileRef = 1B2F2A670A833075DCB10EA0 /* ServiceDatabases.m */; };
		7CE83AEA9F8FC405A1321FBA /* FederationClient.m in Sources */ = {isa = PBXBuildFile; fileRef = 5414D6A19DDED887017F5F5D /* FederationClient.m */; };
		7E41914DF1928A3EB28EDDCF /* FeedService.m in Sources */ = {isa = PBXBuildFile; fileRef = 4C56285390D7C65696D91D60 /* FeedService.m */; };
		7F181141C9DC38767F88D254 /* HttpResponse.m in Sources */ = {isa = PBXBuildFile; fileRef = 1341CF4A9C802E2BCFB274F9 /* HttpResponse.m */; };
		7FD7777158786D0DC8FBAEFB /* README.md in Resources */ = {isa = PBXBuildFile; fileRef = 49DF1450F13B26A68E3028CD /* README.md */; };
		80C9264F4BF3E27F38EF3D1C /* PDSCLIHealthCommand.m in Sources */ = {isa = PBXBuildFile; fileRef = 35EB11F9969D0368DBB24A7F /* PDSCLIHealthCommand.m */; };
		8132730A30BDA4D8BE8F83C3 /* ActorService.m in Sources */ = {isa = PBXBuildFile; fileRef = F3C6DE8247AB8E5F957DC2CD /* ActorService.m */; };
		8357828D0D837C687E7CB4B1 /* PDSMigrationManager.m in Sources */ = {isa = PBXBuildFile; fileRef = 37D72DFE32BC4A2EB9D2B2F0 /* PDSMigrationManager.m */; };
		850C1B8365A90762C2A741E7 /* MSTPersistence.m in Sources */ = {isa = PBXBuildFile; fileRef = 995C7AC462E221D595DB9235 /* MSTPersistence.m */; };
		85E1AB5241DBC0659150CC83 /* Schema.m in Sources */ = {isa = PBXBuildFile; fileRef = 789F74E8B0D2264C2362EC66 /* Schema.m */; };
		871F0CAE8216754D30BC5427 /* HttpServer.m in Sources */ = {isa = PBXBuildFile; fileRef = 5F52AE13C64F11ECDB98EF27 /* HttpServer.m */; };
		8779C4CD8E221C997F5F13AB /* XrpcHandler.m in Sources */ = {isa = PBXBuildFile; fileRef = 0C59F464C53BE5282B079E29 /* XrpcHandler.m */; };
		897DD6EDF0B7CE95AEB17498 /* PKCEUtil.m in Sources */ = {isa = PBXBuildFile; fileRef = 7C95330301E6079A61DDAA66 /* PKCEUtil.m */; };
		8B19D1DEAE631E751C005314 /* ServiceDatabases.m in Sources */ = {isa = PBXBuildFile; fileRef = 1B2F2A670A833075DCB10EA0 /* ServiceDatabases.m */; };
		8BAB78F09FC8E5DB5CC46779 /* AppDelegate.m in Sources */ = {isa = PBXBuildFile; fileRef = F14D15D04D006413886EF66C /* AppDelegate.m */; };
		8BCFC0695206D91A31DDACF7 /* FeedService.m in Sources */ = {isa = PBXBuildFile; fileRef = 4C56285390D7C65696D91D60 /* FeedService.m */; };
		8CA366B63B5F909CFE2D33A7 /* BlobStorage.m in Sources */ = {isa = PBXBuildFile; fileRef = A30C2620C43499086D04662A /* BlobStorage.m */; };
		8D5A5D41B0D161CEDAB0F7B2 /* MimeTypeValidator.m in Sources */ = {isa = PBXBuildFile; fileRef = 3080CD0A1D2B5AA90C60BFBD /* MimeTypeValidator.m */; };
		9076053649DA4CD9C7AD3C89 /* cid.js in Resources */ = {isa = PBXBuildFile; fileRef = 987F96DC875C3EECDC0940D4 /* cid.js */; };
		91BE27249EE6D4456651D30A /* SubscribeReposHandler.m in Sources */ = {isa = PBXBuildFile; fileRef = B5FABBB5148AB072C936E088 /* SubscribeReposHandler.m */; };
		92038A50DF6E6BF832DE5403 /* MSTPersistence.m in Sources */ = {isa = PBXBuildFile; fileRef = 995C7AC462E221D595DB9235 /* MSTPersistence.m */; };
		925D45692B0FEF08AC1F2061 /* DatabasePool.m in Sources */ = {isa = PBXBuildFile; fileRef = 00684605A2786187A7F58C95 /* DatabasePool.m */; };
		943B01023517268D7506D636 /* PDSCLIHealthCommand.m in Sources */ = {isa = PBXBuildFile; fileRef = 35EB11F9969D0368DBB24A7F /* PDSCLIHealthCommand.m */; };
		951139AC98BC2ADF0EF75041 /* PDSMigrationManager.m in Sources */ = {isa = PBXBuildFile; fileRef = 37D72DFE32BC4A2EB9D2B2F0 /* PDSMigrationManager.m */; };
		9572DE7B676C548762072501 /* style.css in Resources */ = {isa = PBXBuildFile; fileRef = 563FF825B2383A6606C9D764 /* style.css */; };
		975FA6C90C8282B1876A8E46 /* PDSMigrationManager.m in Sources */ = {isa = PBXBuildFile; fileRef = 37D72DFE32BC4A2EB9D2B2F0 /* PDSMigrationManager.m */; };
		98048E7C0B46D4129FED8BBF /* JWT.m in Sources */ = {isa = PBXBuildFile; fileRef = 6C95E779B2C5D8F15D5BCF1E /* JWT.m */; };
		9872EDB7E7EFCC36F46F9342 /* Secp256k1.m in Sources */ = {isa = PBXBuildFile; fileRef = A1F4C2A2BF464F3B8C6AF205 /* Secp256k1.m */; };
		9BA969FA5D421DB2DF4F968A /* OAuthSession.m in Sources */ = {isa = PBXBuildFile; fileRef = 185CF5645EFEE72786447F6A /* OAuthSession.m */; };
		9D78A446F7956DCBF9C6CF3F /* plc.js in Resources */ = {isa = PBXBuildFile; fileRef = 460AF9F2CC3EBAEC8A1F97C5 /* plc.js */; };
		9E77BD96CD746C24C6A1463D /* AdminService.m in Sources */ = {isa = PBXBuildFile; fileRef = 65094121F352BA7B94E58718 /* AdminService.m */; };
		9EAF9B94960C8EAB35C5430D /* XrpcMethodRegistry.m in Sources */ = {isa = PBXBuildFile; fileRef = 386A82FBAAD1F66F9A039AF9 /* XrpcMethodRegistry.m */; };
		A17D7A34B7DDC24C6C992E65 /* OAuthServerMetadata.m in Sources */ = {isa = PBXBuildFile; fileRef = F14D4371E041AEB023FCBC06 /* OAuthServerMetadata.m */; };
		A2B2EE79D94D374CE314B72C /* did.js in Resources */ = {isa = PBXBuildFile; fileRef = 8F0DB2EEB7D4EACE7A46411F /* did.js */; };
		A6CAA5A9C51173312F1F130B /* PKCEUtil.m in Sources */ = {isa = PBXBuildFile; fileRef = 7C95330301E6079A61DDAA66 /* PKCEUtil.m */; };
		A7E932F91DCA587E2B958EDB /* HandleResolver.m in Sources */ = {isa = PBXBuildFile; fileRef = CD71AB9F9A4B77FB1A7737E5 /* HandleResolver.m */; };
		AA2BBD557A6A5CEB16C6890E /* FeedService.m in Sources */ = {isa = PBXBuildFile; fileRef = 4C56285390D7C65696D91D60 /* FeedService.m */; };
		ADB8CB275BCF10E2CB9FC15D /* Session.m in Sources */ = {isa = PBXBuildFile; fileRef = 7587CBBB99E3730937CB225D /* Session.m */; };
		ADEBCD5775C5D24BD4210555 /* OAuth2.m in Sources */ = {isa = PBXBuildFile; fileRef = 0400E530760BADD279F2A8A6 /* OAuth2.m */; };
		AE15BA755A173C6B09D97DD4 /* ExploreHandler.m in Sources */ = {isa = PBXBuildFile; fileRef = A1EF5E6E6B04B1EB3CA0BFAA /* ExploreHandler.m */; };
		AFB16D8C3EF87604314A1616 /* ActorStore.m in Sources */ = {isa = PBXBuildFile; fileRef = F17DEF2EFD5261D6685C87B4 /* ActorStore.m */; };
		B0F736348FDE4E85A51528EE /* secp256k1_wrapper_c.c in Sources */ = {isa = PBXBuildFile; fileRef = F1894C052B2C2E47B70D3C08 /* secp256k1_wrapper_c.c */; };
		B36DEE902278339B3D5FCADA /* PDSConfiguration.m in Sources */ = {isa = PBXBuildFile; fileRef = 410376300C0583C121A36EFC /* PDSConfiguration.m */; };
		B3877988C21B67CB4F841BB5 /* PDSAdminHandler.m in Sources */ = {isa = PBXBuildFile; fileRef = 242218F6DD4C8FA35AC68009 /* PDSAdminHandler.m */; };
		B3D98327C2EF854685E7E56C /* CBOR.m in Sources */ = {isa = PBXBuildFile; fileRef = CB5CC8A2FE10F93E8105A409 /* CBOR.m */; };
		B4EF03B7113074B28809A25C /* ActorStore.m in Sources */ = {isa = PBXBuildFile; fileRef = F17DEF2EFD5261D6685C87B4 /* ActorStore.m */; };
		B515B174A3BFEC5EEAC430A8 /* ActorService.m in Sources */ = {isa = PBXBuildFile; fileRef = F3C6DE8247AB8E5F957DC2CD /* ActorService.m */; };
		B5DCC01289B2CBF2BFE81144 /* CAR.m in Sources */ = {isa = PBXBuildFile; fileRef = 844A01B4D081E7AC7D68F999 /* CAR.m */; };
		B61B8AF466EB0E5539E459F4 /* ExploreCache.m in Sources */ = {isa = PBXBuildFile; fileRef = D67A3DC7E783A0E981232A69 /* ExploreCache.m */; };
		B6816E0E4353DC4260C86B49 /* PKCEUtil.m in Sources */ = {isa = PBXBuildFile; fileRef = 7C95330301E6079A61DDAA66 /* PKCEUtil.m */; };
		B6875F005AED6466AFC4B5B6 /* OAuthServerMetadata.m in Sources */ = {isa = PBXBuildFile; fileRef = F14D4371E041AEB023FCBC06 /* OAuthServerMetadata.m */; };
		B8059EFCC7FA41D6EA18DDE2 /* PDSController.m in Sources */ = {isa = PBXBuildFile; fileRef = DC5DE3B23EED06E4B6AF9CFE /* PDSController.m */; };
		B8543C24BEC3716326613A51 /* style.css in Resources */ = {isa = PBXBuildFile; fileRef = 563FF825B2383A6606C9D764 /* style.css */; };
		B88CC361C9F7F945A30FCDE4 /* PDSCLIServeCommand.m in Sources */ = {isa = PBXBuildFile; fileRef = 90D9EFC3A6F37DA9627455A1 /* PDSCLIServeCommand.m */; };
		B95385B0F01F365CE75243A6 /* FederationClient.m in Sources */ = {isa = PBXBuildFile; fileRef = 5414D6A19DDED887017F5F5D /* FederationClient.m */; };
		BA7370A60F5AEAB28CB3E566 /* SubscribeReposHandler.m in Sources */ = {isa = PBXBuildFile; fileRef = B5FABBB5148AB072C936E088 /* SubscribeReposHandler.m */; };
		BB42733D8C85A5DE37EE3FBB /* PDSAdminHandler.m in Sources */ = {isa = PBXBuildFile; fileRef = 242218F6DD4C8FA35AC68009 /* PDSAdminHandler.m */; };
		BC0D0D30D4F64F9CC01EB92B /* did.js in Resources */ = {isa = PBXBuildFile; fileRef = 8F0DB2EEB7D4EACE7A46411F /* did.js */; };
		C040BEA368A1B24EC7B423DE /* DatabasePool.m in Sources */ = {isa = PBXBuildFile; fileRef = 00684605A2786187A7F58C95 /* DatabasePool.m */; };
		C166279CAD6B925600CF769E /* XrpcHandler.m in Sources */ = {isa = PBXBuildFile; fileRef = 0C59F464C53BE5282B079E29 /* XrpcHandler.m */; };
		C1B28D2D704B353DA3328538 /* CBOR.m in Sources */ = {isa = PBXBuildFile; fileRef = CB5CC8A2FE10F93E8105A409 /* CBOR.m */; };
		C1F4BC4D98FDCA17975E7810 /* DatabasePool.m in Sources */ = {isa = PBXBuildFile; fileRef = 00684605A2786187A7F58C95 /* DatabasePool.m */; };
		C2CFD0265FA64E71AF9864B8 /* DPoPUtil.m in Sources */ = {isa = PBXBuildFile; fileRef = 04B4C38E49BBDDC6D76223FA /* DPoPUtil.m */; };
		C4C8CC739ED177B64120532F /* style.css in Resources */ = {isa = PBXBuildFile; fileRef = 563FF825B2383A6606C9D764 /* style.css */; };
		C6D395FE5D6180584B39D8FF /* MSTPersistence.m in Sources */ = {isa = PBXBuildFile; fileRef = 995C7AC462E221D595DB9235 /* MSTPersistence.m */; };
		C6F208682C6AF47CA0D6C45F /* RepoCommit.m in Sources */ = {isa = PBXBuildFile; fileRef = 26CD447DBF7F72C5D8C8F9E1 /* RepoCommit.m */; };
		C6FA36E76591205C1DD89690 /* CAR.m in Sources */ = {isa = PBXBuildFile; fileRef = 844A01B4D081E7AC7D68F999 /* CAR.m */; };
		C76F7838E0D26544D40531F0 /* PDSCLIAccountCommand.m in Sources */ = {isa = PBXBuildFile; fileRef = 66355F5CF17EA4A687EAF0F7 /* PDSCLIAccountCommand.m */; };
		C7DC89739D4E4603AA91683B /* AdminService.m in Sources */ = {isa = PBXBuildFile; fileRef = 65094121F352BA7B94E58718 /* AdminService.m */; };
		C82C2FC2964667709F098F8D /* OAuth2.m in Sources */ = {isa = PBXBuildFile; fileRef = 0400E530760BADD279F2A8A6 /* OAuth2.m */; };
		C9324B69F34E962B782B8B17 /* HandleResolver.m in Sources */ = {isa = PBXBuildFile; fileRef = CD71AB9F9A4B77FB1A7737E5 /* HandleResolver.m */; };
		C9EDEBFBF40FBF6CEECD74E8 /* ExploreCache.m in Sources */ = {isa = PBXBuildFile; fileRef = D67A3DC7E783A0E981232A69 /* ExploreCache.m */; };
		CC27FE7278510F7C4F050FF9 /* secp256k1_wrapper_c.c in Sources */ = {isa = PBXBuildFile; fileRef = F1894C052B2C2E47B70D3C08 /* secp256k1_wrapper_c.c */; };
		CCA903B1928FB8E20833E45D /* PDSCLIInviteCommand.m in Sources */ = {isa = PBXBuildFile; fileRef = 4D9D18510D973B64EF02C0C1 /* PDSCLIInviteCommand.m */; };
		CD3681DE06FE0EE7FD4500D1 /* test_runner.m.disabled in Resources */ = {isa = PBXBuildFile; fileRef = 97FED9489AB6CEB9119BFFF3 /* test_runner.m.disabled */; };
		D0B9049BA1AF7CBEE09FF021 /* PDSCLIDispatcher.m in Sources */ = {isa = PBXBuildFile; fileRef = C7F198C8CD6E00486F2CB332 /* PDSCLIDispatcher.m */; };
		D15AE489583D6E19C0DAB074 /* RateLimiter.m in Sources */ = {isa = PBXBuildFile; fileRef = 4F9C290E3512B256148B5BB5 /* RateLimiter.m */; };
		D219D34AB91CB60F5396AE03 /* PDSHealthCheck.m in Sources */ = {isa = PBXBuildFile; fileRef = B921F18DE38EAA82F5CB4635 /* PDSHealthCheck.m */; };
		D5DCFCB4E8883E0413CE83AC /* RepoCommit.m in Sources */ = {isa = PBXBuildFile; fileRef = 26CD447DBF7F72C5D8C8F9E1 /* RepoCommit.m */; };
		DA4AB1E67347690018592480 /* DPoPUtil.m in Sources */ = {isa = PBXBuildFile; fileRef = 04B4C38E49BBDDC6D76223FA /* DPoPUtil.m */; };
		DA88EF57B1ED226C1A5F475C /* SubscribeReposHandler.m in Sources */ = {isa = PBXBuildFile; fileRef = B5FABBB5148AB072C936E088 /* SubscribeReposHandler.m */; };
		DA997A0BA74034C2E2B11A4C /* FederationClient.m in Sources */ = {isa = PBXBuildFile; fileRef = 5414D6A19DDED887017F5F5D /* FederationClient.m */; };
		DAA158A9212217AE1F7C3CE7 /* README.md in Resources */ = {isa = PBXBuildFile; fileRef = 49DF1450F13B26A68E3028CD /* README.md */; };
		DB10BAD18EE9A5BF70652B2D /* TID.m in Sources */ = {isa = PBXBuildFile; fileRef = BB508C7DD5AAB4F09A76F9C1 /* TID.m */; };
		DD630FE5213CFDA51314763C /* PDSCLIAccountCommand.m in Sources */ = {isa = PBXBuildFile; fileRef = 66355F5CF17EA4A687EAF0F7 /* PDSCLIAccountCommand.m */; };
		DF2ABB911D410ECBA49C4E3A /* CID.m in Sources */ = {isa = PBXBuildFile; fileRef = 06AAB57626EFEA167865CFAA /* CID.m */; };
		E0147F5B0C84E1BB593E6202 /* ServiceDatabases.m in Sources */ = {isa = PBXBuildFile; fileRef = 1B2F2A670A833075DCB10EA0 /* ServiceDatabases.m */; };
		E0440777BF95E4FA2355D4F8 /* index.html in Resources */ = {isa = PBXBuildFile; fileRef = 0558DEF4D90EB04605F8ECEE /* index.html */; };
		E1537C58846BAB7A5E17FE3D /* index.html in Resources */ = {isa = PBXBuildFile; fileRef = 0558DEF4D90EB04605F8ECEE /* index.html */; };
		E2A5CCA8C31E006542A758B1 /* ui.js in Resources */ = {isa = PBXBuildFile; fileRef = 946E0676B4F66E32111CBEB4 /* ui.js */; };
		E482662FCB57C903E73E9D61 /* ARCHITECTURE.md in Resources */ = {isa = PBXBuildFile; fileRef = 99B8A8E4F83ED406BBA897F6 /* ARCHITECTURE.md */; };
		E50AF32EDD6784F339F9A188 /* main.m in Sources */ = {isa = PBXBuildFile; fileRef = 4F6A3A6493D212814D176E01 /* main.m */; };
		E6CFCD1D27BC1B69FB6C44A3 /* PDSInputValidator.m in Sources */ = {isa = PBXBuildFile; fileRef = 9D11C41379F1C6554020EBB8 /* PDSInputValidator.m */; };
		E788FACD4ECDB1E564012A28 /* AppDelegate.m in Sources */ = {isa = PBXBuildFile; fileRef = F14D15D04D006413886EF66C /* AppDelegate.m */; };
		E7B30A7C50DD9D659F0E8475 /* WebSocketServer.m in Sources */ = {isa = PBXBuildFile; fileRef = BA2B29A7692E12F9AD70BFEB /* WebSocketServer.m */; };
		E82224A1E25A7933E5740559 /* BlobStorage.m in Sources */ = {isa = PBXBuildFile; fileRef = A30C2620C43499086D04662A /* BlobStorage.m */; };
		EC21EAF4A1941CBABF7BD0CA /* plc.js in Resources */ = {isa = PBXBuildFile; fileRef = 460AF9F2CC3EBAEC8A1F97C5 /* plc.js */; };
		EC82B07D478E6F629F807098 /* MST.m in Sources */ = {isa = PBXBuildFile; fileRef = 84A333A035BF30955641E999 /* MST.m */; };
		ECFA1A43688CADC4AEDB28AA /* PDSHealthCheck.m in Sources */ = {isa = PBXBuildFile; fileRef = B921F18DE38EAA82F5CB4635 /* PDSHealthCheck.m */; };
		EF0E71B6221F2B8BC631DACB /* ActorStore.m in Sources */ = {isa = PBXBuildFile; fileRef = F17DEF2EFD5261D6685C87B4 /* ActorStore.m */; };
		EF92950B6BC2437E73940BAD /* OAuthServerMetadata.m in Sources */ = {isa = PBXBuildFile; fileRef = F14D4371E041AEB023FCBC06 /* OAuthServerMetadata.m */; };
		F2423D4CC9BE5BE9856D798F /* ActorService.m in Sources */ = {isa = PBXBuildFile; fileRef = F3C6DE8247AB8E5F957DC2CD /* ActorService.m */; };
		F27A13CC02518523AA2B99D7 /* AdminMiddleware.m in Sources */ = {isa = PBXBuildFile; fileRef = 62B81FE3136D7AE5420ECA82 /* AdminMiddleware.m */; };
		F4EB4A9C2F6B9794F91D2FB5 /* BlobStorage.m in Sources */ = {isa = PBXBuildFile; fileRef = A30C2620C43499086D04662A /* BlobStorage.m */; };
		F519874A7DA9C37EC08E49C1 /* OAuth2.m in Sources */ = {isa = PBXBuildFile; fileRef = 0400E530760BADD279F2A8A6 /* OAuth2.m */; };
		F5FAF4D77925FF4DB0BC484F /* PDSAdminAuth.m in Sources */ = {isa = PBXBuildFile; fileRef = 078169533EB5BB854804930F /* PDSAdminAuth.m */; };
		F60748027A5330E88D4E26AF /* XrpcMethodRegistry.m in Sources */ = {isa = PBXBuildFile; fileRef = 386A82FBAAD1F66F9A039AF9 /* XrpcMethodRegistry.m */; };
		F8527B48354080A3AFF8075F /* ARCHITECTURE.md in Resources */ = {isa = PBXBuildFile; fileRef = 99B8A8E4F83ED406BBA897F6 /* ARCHITECTURE.md */; };
		F8E2973CE5F685664655AA57 /* OAuthSession.m in Sources */ = {isa = PBXBuildFile; fileRef = 185CF5645EFEE72786447F6A /* OAuthSession.m */; };
		FB9968BA07456AC68EC884DC /* HttpResponse.m in Sources */ = {isa = PBXBuildFile; fileRef = 1341CF4A9C802E2BCFB274F9 /* HttpResponse.m */; };
		FBD4D89DDC8FCE3C5388DE80 /* ARCHITECTURE.md in Resources */ = {isa = PBXBuildFile; fileRef = 99B8A8E4F83ED406BBA897F6 /* ARCHITECTURE.md */; };
		FD0EFB95CD5B216E5A4CECE9 /* PDSAdminHandler.m in Sources */ = {isa = PBXBuildFile; fileRef = 242218F6DD4C8FA35AC68009 /* PDSAdminHandler.m */; };
		FDB0683B22BF43F7A83CD5BD /* server_main.m in Sources */ = {isa = PBXBuildFile; fileRef = 5EEF7AED769BAA314541AD31 /* server_main.m */; };
/* End PBXBuildFile section */

/* Begin PBXFileReference section */
		0026557635DCF274E9A6B0E0 /* PDSMetrics.m */ = {isa = PBXFileReference; lastKnownFileType = sourcecode.c.objc; path = PDSMetrics.m; sourceTree = "<group>"; };
		00684605A2786187A7F58C95 /* DatabasePool.m */ = {isa = PBXFileReference; lastKnownFileType = sourcecode.c.objc; path = DatabasePool.m; sourceTree = "<group>"; };
		0077F87A4E7B591CA9550F5D /* CAR.h */ = {isa = PBXFileReference; lastKnownFileType = sourcecode.c.h; path = CAR.h; sourceTree = "<group>"; };
		0214FC3DE18321F8D5B7BE0A /* ActorStoreTests.m */ = {isa = PBXFileReference; lastKnownFileType = sourcecode.c.objc; path = ActorStoreTests.m; sourceTree = "<group>"; };
		0400E530760BADD279F2A8A6 /* OAuth2.m */ = {isa = PBXFileReference; lastKnownFileType = sourcecode.c.objc; path = OAuth2.m; sourceTree = "<group>"; };
		04B4C38E49BBDDC6D76223FA /* DPoPUtil.m */ = {isa = PBXFileReference; lastKnownFileType = sourcecode.c.objc; path = DPoPUtil.m; sourceTree = "<group>"; };
		04C73B06F20A02B38D5D37FA /* WebSocketServer.h */ = {isa = PBXFileReference; lastKnownFileType = sourcecode.c.h; path = WebSocketServer.h; sourceTree = "<group>"; };
		0558DEF4D90EB04605F8ECEE /* index.html */ = {isa = PBXFileReference; lastKnownFileType = text.html; path = index.html; sourceTree = "<group>"; };
		06AAB57626EFEA167865CFAA /* CID.m */ = {isa = PBXFileReference; lastKnownFileType = sourcecode.c.objc; path = CID.m; sourceTree = "<group>"; };
		06B93CFFB49D2679CC0D2294 /* ExploreHandler.h */ = {isa = PBXFileReference; lastKnownFileType = sourcecode.c.h; path = ExploreHandler.h; sourceTree = "<group>"; };
		078169533EB5BB854804930F /* PDSAdminAuth.m */ = {isa = PBXFileReference; lastKnownFileType = sourcecode.c.objc; path = PDSAdminAuth.m; sourceTree = "<group>"; };
		0C59F464C53BE5282B079E29 /* XrpcHandler.m */ = {isa = PBXFileReference; lastKnownFileType = sourcecode.c.objc; path = XrpcHandler.m; sourceTree = "<group>"; };
		0D75960A0F029E93BFBF470F /* HttpRequest.m */ = {isa = PBXFileReference; lastKnownFileType = sourcecode.c.objc; path = HttpRequest.m; sourceTree = "<group>"; };
		124A97755B0DEC18C08F7F34 /* AppDelegate.h */ = {isa = PBXFileReference; lastKnownFileType = sourcecode.c.h; path = AppDelegate.h; sourceTree = "<group>"; };
		13312FA648834BA6F84AE6E8 /* Schema.h */ = {isa = PBXFileReference; lastKnownFileType = sourcecode.c.h; path = Schema.h; sourceTree = "<group>"; };
		1341CF4A9C802E2BCFB274F9 /* HttpResponse.m */ = {isa = PBXFileReference; lastKnownFileType = sourcecode.c.objc; path = HttpResponse.m; sourceTree = "<group>"; };
		14263329AF3A6F4B18CFED7F /* AdminService.h */ = {isa = PBXFileReference; lastKnownFileType = sourcecode.c.h; path = AdminService.h; sourceTree = "<group>"; };
		185CF5645EFEE72786447F6A /* OAuthSession.m */ = {isa = PBXFileReference; lastKnownFileType = sourcecode.c.objc; path = OAuthSession.m; sourceTree = "<group>"; };
		19E21EC663E00877FECED32C /* PDSAuthzManager.m */ = {isa = PBXFileReference; lastKnownFileType = sourcecode.c.objc; path = PDSAuthzManager.m; sourceTree = "<group>"; };
		1B2F2A670A833075DCB10EA0 /* ServiceDatabases.m */ = {isa = PBXFileReference; lastKnownFileType = sourcecode.c.objc; path = ServiceDatabases.m; sourceTree = "<group>"; };
		1C4E234D2CBED7F06914D6F7 /* main.m */ = {isa = PBXFileReference; lastKnownFileType = sourcecode.c.objc; path = main.m; sourceTree = "<group>"; };
		1CE4A0C6F2762ED17A928D64 /* PDSControllerTests.m */ = {isa = PBXFileReference; lastKnownFileType = sourcecode.c.objc; path = PDSControllerTests.m; sourceTree = "<group>"; };
		1DD1190DCB5C039E40E3EBC1 /* FeedService.h */ = {isa = PBXFileReference; lastKnownFileType = sourcecode.c.h; path = FeedService.h; sourceTree = "<group>"; };
		242218F6DD4C8FA35AC68009 /* PDSAdminHandler.m */ = {isa = PBXFileReference; lastKnownFileType = sourcecode.c.objc; path = PDSAdminHandler.m; sourceTree = "<group>"; };
		26CD447DBF7F72C5D8C8F9E1 /* RepoCommit.m */ = {isa = PBXFileReference; lastKnownFileType = sourcecode.c.objc; path = RepoCommit.m; sourceTree = "<group>"; };
		26D9ECC1A56E85BE0412D800 /* RateLimiter.h */ = {isa = PBXFileReference; lastKnownFileType = sourcecode.c.h; path = RateLimiter.h; sourceTree = "<group>"; };
		27E79C5A93B6FD3958F0C992 /* PDSCLIDefinitions.h */ = {isa = PBXFileReference; lastKnownFileType = sourcecode.c.h; path = PDSCLIDefinitions.h; sourceTree = "<group>"; };
		28B378782EC8375BB300C319 /* RelayClient.m */ = {isa = PBXFileReference; lastKnownFileType = sourcecode.c.objc; path = RelayClient.m; sourceTree = "<group>"; };
		3080CD0A1D2B5AA90C60BFBD /* MimeTypeValidator.m */ = {isa = PBXFileReference; lastKnownFileType = sourcecode.c.objc; path = MimeTypeValidator.m; sourceTree = "<group>"; };
		35EB11F9969D0368DBB24A7F /* PDSCLIHealthCommand.m */ = {isa = PBXFileReference; lastKnownFileType = sourcecode.c.objc; path = PDSCLIHealthCommand.m; sourceTree = "<group>"; };
		37D72DFE32BC4A2EB9D2B2F0 /* PDSMigrationManager.m */ = {isa = PBXFileReference; lastKnownFileType = sourcecode.c.objc; path = PDSMigrationManager.m; sourceTree = "<group>"; };
		385B42806650B638A805EE97 /* PDSConfiguration.h */ = {isa = PBXFileReference; lastKnownFileType = sourcecode.c.h; path = PDSConfiguration.h; sourceTree = "<group>"; };
		386A82FBAAD1F66F9A039AF9 /* XrpcMethodRegistry.m */ = {isa = PBXFileReference; lastKnownFileType = sourcecode.c.objc; path = XrpcMethodRegistry.m; sourceTree = "<group>"; };
		3D879AD92B2BDD0640D9D741 /* Secp256k1.h */ = {isa = PBXFileReference; lastKnownFileType = sourcecode.c.h; path = Secp256k1.h; sourceTree = "<group>"; };
		410376300C0583C121A36EFC /* PDSConfiguration.m */ = {isa = PBXFileReference; lastKnownFileType = sourcecode.c.objc; path = PDSConfiguration.m; sourceTree = "<group>"; };
		41961595933508C3478CC310 /* secp256k1_wrapper_c.h */ = {isa = PBXFileReference; lastKnownFileType = sourcecode.c.h; path = secp256k1_wrapper_c.h; sourceTree = "<group>"; };
		460AF9F2CC3EBAEC8A1F97C5 /* plc.js */ = {isa = PBXFileReference; lastKnownFileType = sourcecode.javascript; path = plc.js; sourceTree = "<group>"; };
		49DF1450F13B26A68E3028CD /* README.md */ = {isa = PBXFileReference; lastKnownFileType = net.daringfireball.markdown; path = README.md; sourceTree = "<group>"; };
		4A345C40F3ABBC4A7B07D2ED /* RelayClient.h */ = {isa = PBXFileReference; lastKnownFileType = sourcecode.c.h; path = RelayClient.h; sourceTree = "<group>"; };
		4B03E707F765986B25E7FF7A /* PDSInputValidator.h */ = {isa = PBXFileReference; lastKnownFileType = sourcecode.c.h; path = PDSInputValidator.h; sourceTree = "<group>"; };
		4C56285390D7C65696D91D60 /* FeedService.m */ = {isa = PBXFileReference; lastKnownFileType = sourcecode.c.objc; path = FeedService.m; sourceTree = "<group>"; };
		4D9D18510D973B64EF02C0C1 /* PDSCLIInviteCommand.m */ = {isa = PBXFileReference; lastKnownFileType = sourcecode.c.objc; path = PDSCLIInviteCommand.m; sourceTree = "<group>"; };
		4F6A3A6493D212814D176E01 /* main.m */ = {isa = PBXFileReference; lastKnownFileType = sourcecode.c.objc; path = main.m; sourceTree = "<group>"; };
		4F9C290E3512B256148B5BB5 /* RateLimiter.m */ = {isa = PBXFileReference; lastKnownFileType = sourcecode.c.objc; path = RateLimiter.m; sourceTree = "<group>"; };
		50F0B28EA8AA6EA6D3380D72 /* OAuthServerMetadata.h */ = {isa = PBXFileReference; lastKnownFileType = sourcecode.c.h; path = OAuthServerMetadata.h; sourceTree = "<group>"; };
		5414D6A19DDED887017F5F5D /* FederationClient.m */ = {isa = PBXFileReference; lastKnownFileType = sourcecode.c.objc; path = FederationClient.m; sourceTree = "<group>"; };
		563FF825B2383A6606C9D764 /* style.css */ = {isa = PBXFileReference; lastKnownFileType = text.css; path = style.css; sourceTree = "<group>"; };
		5BAEEF4DE62F88497CA39A53 /* ActorStore.h */ = {isa = PBXFileReference; lastKnownFileType = sourcecode.c.h; path = ActorStore.h; sourceTree = "<group>"; };
		5C722B4745A1A20FF418AB55 /* MimeTypeValidator.h */ = {isa = PBXFileReference; lastKnownFileType = sourcecode.c.h; path = MimeTypeValidator.h; sourceTree = "<group>"; };
		5EEF7AED769BAA314541AD31 /* server_main.m */ = {isa = PBXFileReference; lastKnownFileType = sourcecode.c.objc; path = server_main.m; sourceTree = "<group>"; };
		5F52AE13C64F11ECDB98EF27 /* HttpServer.m */ = {isa = PBXFileReference; lastKnownFileType = sourcecode.c.objc; path = HttpServer.m; sourceTree = "<group>"; };
		62B81FE3136D7AE5420ECA82 /* AdminMiddleware.m */ = {isa = PBXFileReference; lastKnownFileType = sourcecode.c.objc; path = AdminMiddleware.m; sourceTree = "<group>"; };
		6395E8F411526B8CD82E2452 /* NotificationService.m */ = {isa = PBXFileReference; lastKnownFileType = sourcecode.c.objc; path = NotificationService.m; sourceTree = "<group>"; };
		65094121F352BA7B94E58718 /* AdminService.m */ = {isa = PBXFileReference; lastKnownFileType = sourcecode.c.objc; path = AdminService.m; sourceTree = "<group>"; };
		65C4CDB677A07DB3B3731FF6 /* test_main.m */ = {isa = PBXFileReference; lastKnownFileType = sourcecode.c.objc; path = test_main.m; sourceTree = "<group>"; };
		66355F5CF17EA4A687EAF0F7 /* PDSCLIAccountCommand.m */ = {isa = PBXFileReference; lastKnownFileType = sourcecode.c.objc; path = PDSCLIAccountCommand.m; sourceTree = "<group>"; };
		66BCB51364649474B289367D /* OAuthSession.h */ = {isa = PBXFileReference; lastKnownFileType = sourcecode.c.h; path = OAuthSession.h; sourceTree = "<group>"; };
		67D7B01C8B3035469C3FB817 /* DatabasePool.h */ = {isa = PBXFileReference; lastKnownFileType = sourcecode.c.h; path = DatabasePool.h; sourceTree = "<group>"; };
		6810B5BC79A38D944639DEEB /* Firehose.h */ = {isa = PBXFileReference; lastKnownFileType = sourcecode.c.h; path = Firehose.h; sourceTree = "<group>"; };
		6C95E779B2C5D8F15D5BCF1E /* JWT.m */ = {isa = PBXFileReference; lastKnownFileType = sourcecode.c.objc; path = JWT.m; sourceTree = "<group>"; };
		70793FD32A722F24E9A29397 /* DID.m */ = {isa = PBXFileReference; lastKnownFileType = sourcecode.c.objc; path = DID.m; sourceTree = "<group>"; };
		72141EF4620C865A5A049254 /* EventFormatter.m */ = {isa = PBXFileReference; lastKnownFileType = sourcecode.c.objc; path = EventFormatter.m; sourceTree = "<group>"; };
		7587CBBB99E3730937CB225D /* Session.m */ = {isa = PBXFileReference; lastKnownFileType = sourcecode.c.objc; path = Session.m; sourceTree = "<group>"; };
		789F74E8B0D2264C2362EC66 /* Schema.m */ = {isa = PBXFileReference; lastKnownFileType = sourcecode.c.objc; path = Schema.m; sourceTree = "<group>"; };
		7C7D276E334EED3C1566AAC8 /* ServiceDatabases.h */ = {isa = PBXFileReference; lastKnownFileType = sourcecode.c.h; path = ServiceDatabases.h; sourceTree = "<group>"; };
		7C95330301E6079A61DDAA66 /* PKCEUtil.m */ = {isa = PBXFileReference; lastKnownFileType = sourcecode.c.objc; path = PKCEUtil.m; sourceTree = "<group>"; };
		7EA6EAF561DD00EA8545F69B /* PDSAdminAuth.h */ = {isa = PBXFileReference; lastKnownFileType = sourcecode.c.h; path = PDSAdminAuth.h; sourceTree = "<group>"; };
		7F198D8CE3517DD86D0F88F7 /* CBOR.h */ = {isa = PBXFileReference; lastKnownFileType = sourcecode.c.h; path = CBOR.h; sourceTree = "<group>"; };
		82032BB378CA75360057C78C /* Firehose.m */ = {isa = PBXFileReference; lastKnownFileType = sourcecode.c.objc; path = Firehose.m; sourceTree = "<group>"; };
		8396A12B6CA646A25FD53880 /* ATProtoPDS-CLI */ = {isa = PBXFileReference; includeInIndex = 0; path = "ATProtoPDS-CLI"; sourceTree = BUILT_PRODUCTS_DIR; };
		844A01B4D081E7AC7D68F999 /* CAR.m */ = {isa = PBXFileReference; lastKnownFileType = sourcecode.c.objc; path = CAR.m; sourceTree = "<group>"; };
		84A333A035BF30955641E999 /* MST.m */ = {isa = PBXFileReference; lastKnownFileType = sourcecode.c.objc; path = MST.m; sourceTree = "<group>"; };
		86C8ACDA3BE9CCCBB539156E /* FederationClient.h */ = {isa = PBXFileReference; lastKnownFileType = sourcecode.c.h; path = FederationClient.h; sourceTree = "<group>"; };
		8BC603D084A72DF176FAEBE2 /* PDSLogger.h */ = {isa = PBXFileReference; lastKnownFileType = sourcecode.c.h; path = PDSLogger.h; sourceTree = "<group>"; };
		8C363A1EFF6A5D24DCDC274A /* api.js */ = {isa = PBXFileReference; lastKnownFileType = sourcecode.javascript; path = api.js; sourceTree = "<group>"; };
		8CC1E38FF514BBAB8C30B958 /* AdminMiddleware.h */ = {isa = PBXFileReference; lastKnownFileType = sourcecode.c.h; path = AdminMiddleware.h; sourceTree = "<group>"; };
		8D4EF7DBEBC27BD143C2315C /* XrpcHandler.h */ = {isa = PBXFileReference; lastKnownFileType = sourcecode.c.h; path = XrpcHandler.h; sourceTree = "<group>"; };
		8F0DB2EEB7D4EACE7A46411F /* did.js */ = {isa = PBXFileReference; lastKnownFileType = sourcecode.javascript; path = did.js; sourceTree = "<group>"; };
		90D9EFC3A6F37DA9627455A1 /* PDSCLIServeCommand.m */ = {isa = PBXFileReference; lastKnownFileType = sourcecode.c.objc; path = PDSCLIServeCommand.m; sourceTree = "<group>"; };
		9116AA617AA1E2F99D962951 /* AllTests */ = {isa = PBXFileReference; includeInIndex = 0; path = AllTests; sourceTree = BUILT_PRODUCTS_DIR; };
		946E0676B4F66E32111CBEB4 /* ui.js */ = {isa = PBXFileReference; lastKnownFileType = sourcecode.javascript; path = ui.js; sourceTree = "<group>"; };
		97FED9489AB6CEB9119BFFF3 /* test_runner.m.disabled */ = {isa = PBXFileReference; path = test_runner.m.disabled; sourceTree = "<group>"; };
		987F96DC875C3EECDC0940D4 /* cid.js */ = {isa = PBXFileReference; lastKnownFileType = sourcecode.javascript; path = cid.js; sourceTree = "<group>"; };
		995C7AC462E221D595DB9235 /* MSTPersistence.m */ = {isa = PBXFileReference; lastKnownFileType = sourcecode.c.objc; path = MSTPersistence.m; sourceTree = "<group>"; };
		99B8A8E4F83ED406BBA897F6 /* ARCHITECTURE.md */ = {isa = PBXFileReference; lastKnownFileType = net.daringfireball.markdown; path = ARCHITECTURE.md; sourceTree = "<group>"; };
		9C4D901667C58AE9982DBFFF /* JWT.h */ = {isa = PBXFileReference; lastKnownFileType = sourcecode.c.h; path = JWT.h; sourceTree = "<group>"; };
		9D11C41379F1C6554020EBB8 /* PDSInputValidator.m */ = {isa = PBXFileReference; lastKnownFileType = sourcecode.c.objc; path = PDSInputValidator.m; sourceTree = "<group>"; };
		A1EF5E6E6B04B1EB3CA0BFAA /* ExploreHandler.m */ = {isa = PBXFileReference; lastKnownFileType = sourcecode.c.objc; path = ExploreHandler.m; sourceTree = "<group>"; };
		A1F4C2A2BF464F3B8C6AF205 /* Secp256k1.m */ = {isa = PBXFileReference; lastKnownFileType = sourcecode.c.objc; path = Secp256k1.m; sourceTree = "<group>"; };
		A2F6C79FB52B408AF2DDAF23 /* EventFormatter.h */ = {isa = PBXFileReference; lastKnownFileType = sourcecode.c.h; path = EventFormatter.h; sourceTree = "<group>"; };
		A30C2620C43499086D04662A /* BlobStorage.m */ = {isa = PBXFileReference; lastKnownFileType = sourcecode.c.objc; path = BlobStorage.m; sourceTree = "<group>"; };
		A93613961C38337D5071818D /* PDSAuthzManager.h */ = {isa = PBXFileReference; lastKnownFileType = sourcecode.c.h; path = PDSAuthzManager.h; sourceTree = "<group>"; };
		AB01192492D762E3EC4F8AA6 /* KeyManager.m */ = {isa = PBXFileReference; lastKnownFileType = sourcecode.c.objc; path = KeyManager.m; sourceTree = "<group>"; };
		B10BCB7631C3408CE468C2FF /* PDSHealthCheck.h */ = {isa = PBXFileReference; lastKnownFileType = sourcecode.c.h; path = PDSHealthCheck.h; sourceTree = "<group>"; };
		B36DF3837569BD1E64B10AD6 /* TID.h */ = {isa = PBXFileReference; lastKnownFileType = sourcecode.c.h; path = TID.h; sourceTree = "<group>"; };
		B5FABBB5148AB072C936E088 /* SubscribeReposHandler.m */ = {isa = PBXFileReference; lastKnownFileType = sourcecode.c.objc; path = SubscribeReposHandler.m; sourceTree = "<group>"; };
		B63B35112A4CBA3512F814E1 /* WebSocketConnection.m */ = {isa = PBXFileReference; lastKnownFileType = sourcecode.c.objc; path = WebSocketConnection.m; sourceTree = "<group>"; };
		B729E671A145CF2614EFA297 /* PDSDatabase.h */ = {isa = PBXFileReference; lastKnownFileType = sourcecode.c.h; path = PDSDatabase.h; sourceTree = "<group>"; };
		B80965E1CE487B1736404200 /* HttpServer.h */ = {isa = PBXFileReference; lastKnownFileType = sourcecode.c.h; path = HttpServer.h; sourceTree = "<group>"; };
		B921F18DE38EAA82F5CB4635 /* PDSHealthCheck.m */ = {isa = PBXFileReference; lastKnownFileType = sourcecode.c.objc; path = PDSHealthCheck.m; sourceTree = "<group>"; };
		BA2B29A7692E12F9AD70BFEB /* WebSocketServer.m */ = {isa = PBXFileReference; lastKnownFileType = sourcecode.c.objc; path = WebSocketServer.m; sourceTree = "<group>"; };
		BB508C7DD5AAB4F09A76F9C1 /* TID.m */ = {isa = PBXFileReference; lastKnownFileType = sourcecode.c.objc; path = TID.m; sourceTree = "<group>"; };
		BD909B6A6D9576E8AD43A1B2 /* ActorService.h */ = {isa = PBXFileReference; lastKnownFileType = sourcecode.c.h; path = ActorService.h; sourceTree = "<group>"; };
		C786E5927EC0111F3E2C281F /* DID.h */ = {isa = PBXFileReference; lastKnownFileType = sourcecode.c.h; path = DID.h; sourceTree = "<group>"; };
		C7F198C8CD6E00486F2CB332 /* PDSCLIDispatcher.m */ = {isa = PBXFileReference; lastKnownFileType = sourcecode.c.objc; path = PDSCLIDispatcher.m; sourceTree = "<group>"; };
		C8FB42E1DA0C6B93DF28D269 /* PDSMigrationManager.h */ = {isa = PBXFileReference; lastKnownFileType = sourcecode.c.h; path = PDSMigrationManager.h; sourceTree = "<group>"; };
		C9A1387E79A685A2ADE8CC9B /* WebSocketConnection.h */ = {isa = PBXFileReference; lastKnownFileType = sourcecode.c.h; path = WebSocketConnection.h; sourceTree = "<group>"; };
		CB5CC8A2FE10F93E8105A409 /* CBOR.m */ = {isa = PBXFileReference; lastKnownFileType = sourcecode.c.objc; path = CBOR.m; sourceTree = "<group>"; };
		CB6E9A35970F850720620676 /* PKCEUtil.h */ = {isa = PBXFileReference; lastKnownFileType = sourcecode.c.h; path = PKCEUtil.h; sourceTree = "<group>"; };
		CD71AB9F9A4B77FB1A7737E5 /* HandleResolver.m */ = {isa = PBXFileReference; lastKnownFileType = sourcecode.c.objc; path = HandleResolver.m; sourceTree = "<group>"; };
		D0ACDADFD6E205EC6FD7D9B7 /* OAuth2.h */ = {isa = PBXFileReference; lastKnownFileType = sourcecode.c.h; path = OAuth2.h; sourceTree = "<group>"; };
		D42D56F74DFC042CF297EBED /* XrpcMethodRegistry.h */ = {isa = PBXFileReference; lastKnownFileType = sourcecode.c.h; path = XrpcMethodRegistry.h; sourceTree = "<group>"; };
		D55B85E60B6D07D7FCDA0F08 /* NotificationService.h */ = {isa = PBXFileReference; lastKnownFileType = sourcecode.c.h; path = NotificationService.h; sourceTree = "<group>"; };
		D59DEF844A281291F58C730B /* HttpRequest.h */ = {isa = PBXFileReference; lastKnownFileType = sourcecode.c.h; path = HttpRequest.h; sourceTree = "<group>"; };
		D67A3DC7E783A0E981232A69 /* ExploreCache.m */ = {isa = PBXFileReference; lastKnownFileType = sourcecode.c.objc; path = ExploreCache.m; sourceTree = "<group>"; };
		D8F99115895FEB9FB5A13CFB /* PDSLogger.m */ = {isa = PBXFileReference; lastKnownFileType = sourcecode.c.objc; path = PDSLogger.m; sourceTree = "<group>"; };
		DA38879A06FD1977796ED4C8 /* ATProtoPDS */ = {isa = PBXFileReference; includeInIndex = 0; path = ATProtoPDS; sourceTree = BUILT_PRODUCTS_DIR; };
		DA74E3231C72EBA470458690 /* MSTPersistence.h */ = {isa = PBXFileReference; lastKnownFileType = sourcecode.c.h; path = MSTPersistence.h; sourceTree = "<group>"; };
		DAB8259417569E5B49C12F06 /* SubscribeReposHandler.h */ = {isa = PBXFileReference; lastKnownFileType = sourcecode.c.h; path = SubscribeReposHandler.h; sourceTree = "<group>"; };
		DC5DE3B23EED06E4B6AF9CFE /* PDSController.m */ = {isa = PBXFileReference; lastKnownFileType = sourcecode.c.objc; path = PDSController.m; sourceTree = "<group>"; };
		DDEB74F75346FF27074A4047 /* ExploreCache.h */ = {isa = PBXFileReference; lastKnownFileType = sourcecode.c.h; path = ExploreCache.h; sourceTree = "<group>"; };
		DF38791D380F4B5B383BB7CE /* RepoCommit.h */ = {isa = PBXFileReference; lastKnownFileType = sourcecode.c.h; path = RepoCommit.h; sourceTree = "<group>"; };
		ED1DB8932855854D7F050021 /* PDSDatabase.m */ = {isa = PBXFileReference; lastKnownFileType = sourcecode.c.objc; path = PDSDatabase.m; sourceTree = "<group>"; };
		F09446B289621BEA0400A5E4 /* HandleResolver.h */ = {isa = PBXFileReference; lastKnownFileType = sourcecode.c.h; path = HandleResolver.h; sourceTree = "<group>"; };
		F14D15D04D006413886EF66C /* AppDelegate.m */ = {isa = PBXFileReference; lastKnownFileType = sourcecode.c.objc; path = AppDelegate.m; sourceTree = "<group>"; };
		F14D4371E041AEB023FCBC06 /* OAuthServerMetadata.m */ = {isa = PBXFileReference; lastKnownFileType = sourcecode.c.objc; path = OAuthServerMetadata.m; sourceTree = "<group>"; };
		F17DEF2EFD5261D6685C87B4 /* ActorStore.m */ = {isa = PBXFileReference; lastKnownFileType = sourcecode.c.objc; path = ActorStore.m; sourceTree = "<group>"; };
		F1894C052B2C2E47B70D3C08 /* secp256k1_wrapper_c.c */ = {isa = PBXFileReference; lastKnownFileType = sourcecode.c.c; path = secp256k1_wrapper_c.c; sourceTree = "<group>"; };
		F3C6DE8247AB8E5F957DC2CD /* ActorService.m */ = {isa = PBXFileReference; lastKnownFileType = sourcecode.c.objc; path = ActorService.m; sourceTree = "<group>"; };
		F481C3DDF6CCABEE30E8ECC9 /* BlobStorage.h */ = {isa = PBXFileReference; lastKnownFileType = sourcecode.c.h; path = BlobStorage.h; sourceTree = "<group>"; };
		F52121A09C764F8922F175BD /* PDSController.h */ = {isa = PBXFileReference; lastKnownFileType = sourcecode.c.h; path = PDSController.h; sourceTree = "<group>"; };
		F9272B64B640653FEFD12A48 /* CID.h */ = {isa = PBXFileReference; lastKnownFileType = sourcecode.c.h; path = CID.h; sourceTree = "<group>"; };
		FBB81D6377F64F1BB7967770 /* PDSMetrics.h */ = {isa = PBXFileReference; lastKnownFileType = sourcecode.c.h; path = PDSMetrics.h; sourceTree = "<group>"; };
		FC01EA208646AC078890B35B /* MST.h */ = {isa = PBXFileReference; lastKnownFileType = sourcecode.c.h; path = MST.h; sourceTree = "<group>"; };
		FC2E9550E3F98891DF02DD4B /* Session.h */ = {isa = PBXFileReference; lastKnownFileType = sourcecode.c.h; path = Session.h; sourceTree = "<group>"; };
		FD5C2A6515803EC2A2FAA1FA /* KeyManager.h */ = {isa = PBXFileReference; lastKnownFileType = sourcecode.c.h; path = KeyManager.h; sourceTree = "<group>"; };
		FD60337D1BD931B747E18447 /* DatabasePoolTests.m */ = {isa = PBXFileReference; lastKnownFileType = sourcecode.c.objc; path = DatabasePoolTests.m; sourceTree = "<group>"; };
		FD804910F281AB7BAF9CF90C /* HttpResponse.h */ = {isa = PBXFileReference; lastKnownFileType = sourcecode.c.h; path = HttpResponse.h; sourceTree = "<group>"; };
		FEE7A6DCC25B2E73D4262FB7 /* DPoPUtil.h */ = {isa = PBXFileReference; lastKnownFileType = sourcecode.c.h; path = DPoPUtil.h; sourceTree = "<group>"; };
/* End PBXFileReference section */

/* Begin PBXGroup section */
		11FB29BFB5E5EEA895CC150E /* Assets */ = {
			isa = PBXGroup;
			children = (
				0558DEF4D90EB04605F8ECEE /* index.html */,
				63DDD8F219B8CAA89BCA0070 /* css */,
				D5179D75BE9941F8148478D4 /* js */,
			);
			path = Assets;
			sourceTree = "<group>";
		};
		1C3788DE84A929B7A6E51C64 /* Admin */ = {
			isa = PBXGroup;
			children = (
				8CC1E38FF514BBAB8C30B958 /* AdminMiddleware.h */,
				62B81FE3136D7AE5420ECA82 /* AdminMiddleware.m */,
				14263329AF3A6F4B18CFED7F /* AdminService.h */,
				65094121F352BA7B94E58718 /* AdminService.m */,
				7EA6EAF561DD00EA8545F69B /* PDSAdminAuth.h */,
				078169533EB5BB854804930F /* PDSAdminAuth.m */,
				242218F6DD4C8FA35AC68009 /* PDSAdminHandler.m */,
			);
			path = Admin;
			sourceTree = "<group>";
		};
		2CB5CACF4EB641F96520D52C /* tests */ = {
			isa = PBXGroup;
			children = (
				65C4CDB677A07DB3B3731FF6 /* test_main.m */,
			);
			path = tests;
			sourceTree = "<group>";
		};
		2E19A49E15D08010A29919B9 /* ActorStore */ = {
			isa = PBXGroup;
			children = (
				5BAEEF4DE62F88497CA39A53 /* ActorStore.h */,
				F17DEF2EFD5261D6685C87B4 /* ActorStore.m */,
			);
			path = ActorStore;
			sourceTree = "<group>";
		};
		2FE88846DC9CEA8597E45068 /* Auth */ = {
			isa = PBXGroup;
			children = (
				FEE7A6DCC25B2E73D4262FB7 /* DPoPUtil.h */,
				04B4C38E49BBDDC6D76223FA /* DPoPUtil.m */,
				9C4D901667C58AE9982DBFFF /* JWT.h */,
				6C95E779B2C5D8F15D5BCF1E /* JWT.m */,
				FD5C2A6515803EC2A2FAA1FA /* KeyManager.h */,
				AB01192492D762E3EC4F8AA6 /* KeyManager.m */,
				D0ACDADFD6E205EC6FD7D9B7 /* OAuth2.h */,
				0400E530760BADD279F2A8A6 /* OAuth2.m */,
				50F0B28EA8AA6EA6D3380D72 /* OAuthServerMetadata.h */,
				F14D4371E041AEB023FCBC06 /* OAuthServerMetadata.m */,
				66BCB51364649474B289367D /* OAuthSession.h */,
				185CF5645EFEE72786447F6A /* OAuthSession.m */,
				CB6E9A35970F850720620676 /* PKCEUtil.h */,
				7C95330301E6079A61DDAA66 /* PKCEUtil.m */,
				F1894C052B2C2E47B70D3C08 /* secp256k1_wrapper_c.c */,
				41961595933508C3478CC310 /* secp256k1_wrapper_c.h */,
				3D879AD92B2BDD0640D9D741 /* Secp256k1.h */,
				A1F4C2A2BF464F3B8C6AF205 /* Secp256k1.m */,
				FC2E9550E3F98891DF02DD4B /* Session.h */,
				7587CBBB99E3730937CB225D /* Session.m */,
			);
			path = Auth;
			sourceTree = "<group>";
		};
		3E7BF1ADA8AEE274A52DD1A7 /* Database */ = {
			isa = PBXGroup;
			children = (
				1CE4A0C6F2762ED17A928D64 /* PDSControllerTests.m */,
			);
			name = Database;
			path = tests/Database;
			sourceTree = "<group>";
		};
		47F5A86E764B934062555F48 /* Core */ = {
			isa = PBXGroup;
			children = (
				F9272B64B640653FEFD12A48 /* CID.h */,
				06AAB57626EFEA167865CFAA /* CID.m */,
				C786E5927EC0111F3E2C281F /* DID.h */,
				70793FD32A722F24E9A29397 /* DID.m */,
				B36DF3837569BD1E64B10AD6 /* TID.h */,
				BB508C7DD5AAB4F09A76F9C1 /* TID.m */,
			);
			path = Core;
			sourceTree = "<group>";
		};
		4DA04A1054A711EAF15DFF66 = {
			isa = PBXGroup;
			children = (
				AF39ED6D60A3C02BE0972FA1 /* ActorStore */,
				3E7BF1ADA8AEE274A52DD1A7 /* Database */,
				9FBFB4A8942CCBDC4E7CFD51 /* Pool */,
				649B4D35E473C81529C441E5 /* Sources */,
				2CB5CACF4EB641F96520D52C /* tests */,
				55EF0F65D496D33ACB0EE6E3 /* Products */,
			);
			sourceTree = "<group>";
		};
		4F61B82D67FC130E0E1CD313 /* Sync */ = {
			isa = PBXGroup;
			children = (
				A2F6C79FB52B408AF2DDAF23 /* EventFormatter.h */,
				72141EF4620C865A5A049254 /* EventFormatter.m */,
				6810B5BC79A38D944639DEEB /* Firehose.h */,
				82032BB378CA75360057C78C /* Firehose.m */,
				4A345C40F3ABBC4A7B07D2ED /* RelayClient.h */,
				28B378782EC8375BB300C319 /* RelayClient.m */,
				DAB8259417569E5B49C12F06 /* SubscribeReposHandler.h */,
				B5FABBB5148AB072C936E088 /* SubscribeReposHandler.m */,
				C9A1387E79A685A2ADE8CC9B /* WebSocketConnection.h */,
				B63B35112A4CBA3512F814E1 /* WebSocketConnection.m */,
				04C73B06F20A02B38D5D37FA /* WebSocketServer.h */,
				BA2B29A7692E12F9AD70BFEB /* WebSocketServer.m */,
			);
			path = Sync;
			sourceTree = "<group>";
		};
		51B5BF0044FCACA482DE317D /* Database */ = {
			isa = PBXGroup;
			children = (
				99B8A8E4F83ED406BBA897F6 /* ARCHITECTURE.md */,
				B729E671A145CF2614EFA297 /* PDSDatabase.h */,
				ED1DB8932855854D7F050021 /* PDSDatabase.m */,
				49DF1450F13B26A68E3028CD /* README.md */,
				13312FA648834BA6F84AE6E8 /* Schema.h */,
				789F74E8B0D2264C2362EC66 /* Schema.m */,
				2E19A49E15D08010A29919B9 /* ActorStore */,
				FBD356143C4AD16B67677EA6 /* Migration */,
				C59C78D2578436AD8F64C261 /* Monitoring */,
				DE9BC6187BF034CD84502CBE /* Pool */,
				5873F842BEECAEC6C77E2953 /* Service */,
			);
			path = Database;
			sourceTree = "<group>";
		};
		5265ACD2E8AD368F566C51F5 /* Debug */ = {
			isa = PBXGroup;
			children = (
				8BC603D084A72DF176FAEBE2 /* PDSLogger.h */,
				D8F99115895FEB9FB5A13CFB /* PDSLogger.m */,
			);
			path = Debug;
			sourceTree = "<group>";
		};
		55EF0F65D496D33ACB0EE6E3 /* Products */ = {
			isa = PBXGroup;
			children = (
				9116AA617AA1E2F99D962951 /* AllTests */,
				DA38879A06FD1977796ED4C8 /* ATProtoPDS */,
				8396A12B6CA646A25FD53880 /* ATProtoPDS-CLI */,
			);
			name = Products;
			sourceTree = "<group>";
		};
		561614EF07DC33281AE47338 /* CLI */ = {
			isa = PBXGroup;
			children = (
				4F6A3A6493D212814D176E01 /* main.m */,
				66355F5CF17EA4A687EAF0F7 /* PDSCLIAccountCommand.m */,
				27E79C5A93B6FD3958F0C992 /* PDSCLIDefinitions.h */,
				C7F198C8CD6E00486F2CB332 /* PDSCLIDispatcher.m */,
				35EB11F9969D0368DBB24A7F /* PDSCLIHealthCommand.m */,
				4D9D18510D973B64EF02C0C1 /* PDSCLIInviteCommand.m */,
				90D9EFC3A6F37DA9627455A1 /* PDSCLIServeCommand.m */,
			);
			path = CLI;
			sourceTree = "<group>";
		};
		5873F842BEECAEC6C77E2953 /* Service */ = {
			isa = PBXGroup;
			children = (
				7C7D276E334EED3C1566AAC8 /* ServiceDatabases.h */,
				1B2F2A670A833075DCB10EA0 /* ServiceDatabases.m */,
			);
			path = Service;
			sourceTree = "<group>";
		};
		63DDD8F219B8CAA89BCA0070 /* css */ = {
			isa = PBXGroup;
			children = (
				563FF825B2383A6606C9D764 /* style.css */,
			);
			path = css;
			sourceTree = "<group>";
		};
		649B4D35E473C81529C441E5 /* Sources */ = {
			isa = PBXGroup;
			children = (
				1C3788DE84A929B7A6E51C64 /* Admin */,
				F1C21447605132F329F73C3E /* App */,
				D238BC575D4EAE341F0AEE40 /* AppView */,
				2FE88846DC9CEA8597E45068 /* Auth */,
				F48C0E369D812CAAAC9F9742 /* Blob */,
				561614EF07DC33281AE47338 /* CLI */,
				47F5A86E764B934062555F48 /* Core */,
				51B5BF0044FCACA482DE317D /* Database */,
				5265ACD2E8AD368F566C51F5 /* Debug */,
				82C82175FFE2D3DECB85CE43 /* Federation */,
				E5C0783B821DCF05322653F3 /* Identity */,
				7F7B7CD3E3034AC29DF232B7 /* Metrics */,
				C85D5F2300EA9F9302F7FB28 /* Network */,
				76A8ECB961AFFD5F3F65AB0B /* Repository */,
				B101C8F552768BB2CD191FFE /* Security */,
				4F61B82D67FC130E0E1CD313 /* Sync */,
			);
			name = Sources;
			path = ATProtoPDS/Sources;
			sourceTree = "<group>";
		};
		76A8ECB961AFFD5F3F65AB0B /* Repository */ = {
			isa = PBXGroup;
			children = (
				0077F87A4E7B591CA9550F5D /* CAR.h */,
				844A01B4D081E7AC7D68F999 /* CAR.m */,
				7F198D8CE3517DD86D0F88F7 /* CBOR.h */,
				CB5CC8A2FE10F93E8105A409 /* CBOR.m */,
				FC01EA208646AC078890B35B /* MST.h */,
				84A333A035BF30955641E999 /* MST.m */,
				DA74E3231C72EBA470458690 /* MSTPersistence.h */,
				995C7AC462E221D595DB9235 /* MSTPersistence.m */,
				DF38791D380F4B5B383BB7CE /* RepoCommit.h */,
				26CD447DBF7F72C5D8C8F9E1 /* RepoCommit.m */,
			);
			path = Repository;
			sourceTree = "<group>";
		};
		7F7B7CD3E3034AC29DF232B7 /* Metrics */ = {
			isa = PBXGroup;
			children = (
				FBB81D6377F64F1BB7967770 /* PDSMetrics.h */,
				0026557635DCF274E9A6B0E0 /* PDSMetrics.m */,
			);
			path = Metrics;
			sourceTree = "<group>";
		};
		82C82175FFE2D3DECB85CE43 /* Federation */ = {
			isa = PBXGroup;
			children = (
				86C8ACDA3BE9CCCBB539156E /* FederationClient.h */,
				5414D6A19DDED887017F5F5D /* FederationClient.m */,
			);
			path = Federation;
			sourceTree = "<group>";
		};
		9FBFB4A8942CCBDC4E7CFD51 /* Pool */ = {
			isa = PBXGroup;
			children = (
				FD60337D1BD931B747E18447 /* DatabasePoolTests.m */,
			);
			name = Pool;
			path = tests/Database/Pool;
			sourceTree = "<group>";
		};
		A42BDECA3F2EEE1C5C5C358F /* Explore */ = {
			isa = PBXGroup;
			children = (
				DDEB74F75346FF27074A4047 /* ExploreCache.h */,
				D67A3DC7E783A0E981232A69 /* ExploreCache.m */,
				06B93CFFB49D2679CC0D2294 /* ExploreHandler.h */,
				A1EF5E6E6B04B1EB3CA0BFAA /* ExploreHandler.m */,
				11FB29BFB5E5EEA895CC150E /* Assets */,
			);
			path = Explore;
			sourceTree = "<group>";
		};
		AF39ED6D60A3C02BE0972FA1 /* ActorStore */ = {
			isa = PBXGroup;
			children = (
				0214FC3DE18321F8D5B7BE0A /* ActorStoreTests.m */,
			);
			name = ActorStore;
			path = tests/Database/ActorStore;
			sourceTree = "<group>";
		};
		B101C8F552768BB2CD191FFE /* Security */ = {
			isa = PBXGroup;
			children = (
				A93613961C38337D5071818D /* PDSAuthzManager.h */,
				19E21EC663E00877FECED32C /* PDSAuthzManager.m */,
				4B03E707F765986B25E7FF7A /* PDSInputValidator.h */,
				9D11C41379F1C6554020EBB8 /* PDSInputValidator.m */,
			);
			path = Security;
			sourceTree = "<group>";
		};
		C59C78D2578436AD8F64C261 /* Monitoring */ = {
			isa = PBXGroup;
			children = (
				B10BCB7631C3408CE468C2FF /* PDSHealthCheck.h */,
				B921F18DE38EAA82F5CB4635 /* PDSHealthCheck.m */,
			);
			path = Monitoring;
			sourceTree = "<group>";
		};
		C85D5F2300EA9F9302F7FB28 /* Network */ = {
			isa = PBXGroup;
			children = (
				D59DEF844A281291F58C730B /* HttpRequest.h */,
				0D75960A0F029E93BFBF470F /* HttpRequest.m */,
				FD804910F281AB7BAF9CF90C /* HttpResponse.h */,
				1341CF4A9C802E2BCFB274F9 /* HttpResponse.m */,
				B80965E1CE487B1736404200 /* HttpServer.h */,
				5F52AE13C64F11ECDB98EF27 /* HttpServer.m */,
				26D9ECC1A56E85BE0412D800 /* RateLimiter.h */,
				4F9C290E3512B256148B5BB5 /* RateLimiter.m */,
				8D4EF7DBEBC27BD143C2315C /* XrpcHandler.h */,
				0C59F464C53BE5282B079E29 /* XrpcHandler.m */,
				D42D56F74DFC042CF297EBED /* XrpcMethodRegistry.h */,
				386A82FBAAD1F66F9A039AF9 /* XrpcMethodRegistry.m */,
			);
			path = Network;
			sourceTree = "<group>";
		};
		D238BC575D4EAE341F0AEE40 /* AppView */ = {
			isa = PBXGroup;
			children = (
				BD909B6A6D9576E8AD43A1B2 /* ActorService.h */,
				F3C6DE8247AB8E5F957DC2CD /* ActorService.m */,
				1DD1190DCB5C039E40E3EBC1 /* FeedService.h */,
				4C56285390D7C65696D91D60 /* FeedService.m */,
				D55B85E60B6D07D7FCDA0F08 /* NotificationService.h */,
				6395E8F411526B8CD82E2452 /* NotificationService.m */,
			);
			path = AppView;
			sourceTree = "<group>";
		};
		D5179D75BE9941F8148478D4 /* js */ = {
			isa = PBXGroup;
			children = (
				8C363A1EFF6A5D24DCDC274A /* api.js */,
				987F96DC875C3EECDC0940D4 /* cid.js */,
				8F0DB2EEB7D4EACE7A46411F /* did.js */,
				460AF9F2CC3EBAEC8A1F97C5 /* plc.js */,
				946E0676B4F66E32111CBEB4 /* ui.js */,
			);
			path = js;
			sourceTree = "<group>";
		};
		DE9BC6187BF034CD84502CBE /* Pool */ = {
			isa = PBXGroup;
			children = (
				67D7B01C8B3035469C3FB817 /* DatabasePool.h */,
				00684605A2786187A7F58C95 /* DatabasePool.m */,
			);
			path = Pool;
			sourceTree = "<group>";
		};
		E5C0783B821DCF05322653F3 /* Identity */ = {
			isa = PBXGroup;
			children = (
				F09446B289621BEA0400A5E4 /* HandleResolver.h */,
				CD71AB9F9A4B77FB1A7737E5 /* HandleResolver.m */,
			);
			path = Identity;
			sourceTree = "<group>";
		};
		F1C21447605132F329F73C3E /* App */ = {
			isa = PBXGroup;
			children = (
				124A97755B0DEC18C08F7F34 /* AppDelegate.h */,
				F14D15D04D006413886EF66C /* AppDelegate.m */,
				1C4E234D2CBED7F06914D6F7 /* main.m */,
				385B42806650B638A805EE97 /* PDSConfiguration.h */,
				410376300C0583C121A36EFC /* PDSConfiguration.m */,
				F52121A09C764F8922F175BD /* PDSController.h */,
				DC5DE3B23EED06E4B6AF9CFE /* PDSController.m */,
				5EEF7AED769BAA314541AD31 /* server_main.m */,
				97FED9489AB6CEB9119BFFF3 /* test_runner.m.disabled */,
				A42BDECA3F2EEE1C5C5C358F /* Explore */,
			);
			path = App;
			sourceTree = "<group>";
		};
		F48C0E369D812CAAAC9F9742 /* Blob */ = {
			isa = PBXGroup;
			children = (
				F481C3DDF6CCABEE30E8ECC9 /* BlobStorage.h */,
				A30C2620C43499086D04662A /* BlobStorage.m */,
				5C722B4745A1A20FF418AB55 /* MimeTypeValidator.h */,
				3080CD0A1D2B5AA90C60BFBD /* MimeTypeValidator.m */,
			);
			path = Blob;
			sourceTree = "<group>";
		};
		FBD356143C4AD16B67677EA6 /* Migration */ = {
			isa = PBXGroup;
			children = (
				C8FB42E1DA0C6B93DF28D269 /* PDSMigrationManager.h */,
				37D72DFE32BC4A2EB9D2B2F0 /* PDSMigrationManager.m */,
			);
			path = Migration;
			sourceTree = "<group>";
		};
/* End PBXGroup section */

/* Begin PBXNativeTarget section */
		70F0F1C60CA6F6ED2FD8724E /* ATProtoPDS */ = {
			isa = PBXNativeTarget;
			buildConfigurationList = 521109452ADC342B054E7FAC /* Build configuration list for PBXNativeTarget "ATProtoPDS" */;
			buildPhases = (
				0AB0CBDE45BD788E30893D14 /* Sources */,
				FB3F8F5A09778374012E7436 /* Resources */,
			);
			buildRules = (
			);
			dependencies = (
			);
			name = ATProtoPDS;
			packageProductDependencies = (
			);
			productName = ATProtoPDS;
			productReference = DA38879A06FD1977796ED4C8 /* ATProtoPDS */;
			productType = "com.apple.product-type.tool";
		};
		9F7F3F370E6ABECF7565CA85 /* AllTests */ = {
			isa = PBXNativeTarget;
			buildConfigurationList = 3558B3850091D76095F6902A /* Build configuration list for PBXNativeTarget "AllTests" */;
			buildPhases = (
				7CAF326E9B4FFDCCD3C57B18 /* Sources */,
				EDBD44C31FB24BED0A9D65FD /* Resources */,
			);
			buildRules = (
			);
			dependencies = (
			);
			name = AllTests;
			packageProductDependencies = (
			);
			productName = AllTests;
			productReference = 9116AA617AA1E2F99D962951 /* AllTests */;
			productType = "com.apple.product-type.tool";
		};
		ADD1CF61F0CF3AC1CD09BC17 /* ATProtoPDS-CLI */ = {
			isa = PBXNativeTarget;
			buildConfigurationList = 7C25E707EF530E1E2E449DBE /* Build configuration list for PBXNativeTarget "ATProtoPDS-CLI" */;
			buildPhases = (
				CF8709E566C9B7048CA34A37 /* Sources */,
				55AC10CF20400908C6B556D5 /* Resources */,
			);
			buildRules = (
			);
			dependencies = (
			);
			name = "ATProtoPDS-CLI";
			packageProductDependencies = (
			);
			productName = "ATProtoPDS-CLI";
			productReference = 8396A12B6CA646A25FD53880 /* ATProtoPDS-CLI */;
			productType = "com.apple.product-type.tool";
		};
/* End PBXNativeTarget section */

/* Begin PBXProject section */
		08C966C6EE1CE129494A84AE /* Project object */ = {
			isa = PBXProject;
			attributes = {
				BuildIndependentTargetsInParallel = YES;
				LastUpgradeCheck = 1430;
			};
			buildConfigurationList = 19F9A6F379A06F87C344F58C /* Build configuration list for PBXProject "ATProtoPDS" */;
			compatibilityVersion = "Xcode 14.0";
			developmentRegion = en;
			hasScannedForEncodings = 0;
			knownRegions = (
				Base,
				en,
			);
			mainGroup = 4DA04A1054A711EAF15DFF66;
			minimizedProjectReferenceProxies = 1;
			preferredProjectObjectVersion = 77;
			projectDirPath = "";
			projectRoot = "";
			targets = (
				70F0F1C60CA6F6ED2FD8724E /* ATProtoPDS */,
				ADD1CF61F0CF3AC1CD09BC17 /* ATProtoPDS-CLI */,
				9F7F3F370E6ABECF7565CA85 /* AllTests */,
			);
		};
/* End PBXProject section */

/* Begin PBXResourcesBuildPhase section */
		55AC10CF20400908C6B556D5 /* Resources */ = {
			isa = PBXResourcesBuildPhase;
			buildActionMask = 2147483647;
			files = (
				E482662FCB57C903E73E9D61 /* ARCHITECTURE.md in Resources */,
				7FD7777158786D0DC8FBAEFB /* README.md in Resources */,
				40D6E1B71585EC53477FDC20 /* api.js in Resources */,
				5C243DDDA5A8686AFC256327 /* cid.js in Resources */,
				BC0D0D30D4F64F9CC01EB92B /* did.js in Resources */,
				E0440777BF95E4FA2355D4F8 /* index.html in Resources */,
				2A02B9EDD7E9A2A9C00A536F /* plc.js in Resources */,
				9572DE7B676C548762072501 /* style.css in Resources */,
				2737E9D024370AB60FEFDBFE /* test_runner.m.disabled in Resources */,
				19BEA27A9DFF3F8A5E2F6D9B /* ui.js in Resources */,
			);
			runOnlyForDeploymentPostprocessing = 0;
		};
		EDBD44C31FB24BED0A9D65FD /* Resources */ = {
			isa = PBXResourcesBuildPhase;
			buildActionMask = 2147483647;
			files = (
				FBD4D89DDC8FCE3C5388DE80 /* ARCHITECTURE.md in Resources */,
				DAA158A9212217AE1F7C3CE7 /* README.md in Resources */,
				6B42FE2E2F7AD8B6EBD12D6A /* api.js in Resources */,
				9076053649DA4CD9C7AD3C89 /* cid.js in Resources */,
				A2B2EE79D94D374CE314B72C /* did.js in Resources */,
				5133AC0A1B103DF8FCBB83DB /* index.html in Resources */,
				9D78A446F7956DCBF9C6CF3F /* plc.js in Resources */,
				B8543C24BEC3716326613A51 /* style.css in Resources */,
				6E7E6183C484AD2435D1F8B3 /* test_runner.m.disabled in Resources */,
				502DDAFEEFB62D27D025DAC3 /* ui.js in Resources */,
			);
			runOnlyForDeploymentPostprocessing = 0;
		};
		FB3F8F5A09778374012E7436 /* Resources */ = {
			isa = PBXResourcesBuildPhase;
			buildActionMask = 2147483647;
			files = (
				F8527B48354080A3AFF8075F /* ARCHITECTURE.md in Resources */,
				1D970518D3752540EBB3A094 /* README.md in Resources */,
				21C83EF2F7BBB182B143DD5D /* api.js in Resources */,
				5542EF1B4E76617279335828 /* cid.js in Resources */,
				47E4306924825903F73CD995 /* did.js in Resources */,
				E1537C58846BAB7A5E17FE3D /* index.html in Resources */,
				EC21EAF4A1941CBABF7BD0CA /* plc.js in Resources */,
				C4C8CC739ED177B64120532F /* style.css in Resources */,
				CD3681DE06FE0EE7FD4500D1 /* test_runner.m.disabled in Resources */,
				E2A5CCA8C31E006542A758B1 /* ui.js in Resources */,
			);
			runOnlyForDeploymentPostprocessing = 0;
		};
/* End PBXResourcesBuildPhase section */

/* Begin PBXSourcesBuildPhase section */
		0AB0CBDE45BD788E30893D14 /* Sources */ = {
			isa = PBXSourcesBuildPhase;
			buildActionMask = 2147483647;
			files = (
				F2423D4CC9BE5BE9856D798F /* ActorService.m in Sources */,
				EF0E71B6221F2B8BC631DACB /* ActorStore.m in Sources */,
				F27A13CC02518523AA2B99D7 /* AdminMiddleware.m in Sources */,
				C7DC89739D4E4603AA91683B /* AdminService.m in Sources */,
				38FA172FC5AEF36737939C26 /* AppDelegate.m in Sources */,
				E82224A1E25A7933E5740559 /* BlobStorage.m in Sources */,
				B5DCC01289B2CBF2BFE81144 /* CAR.m in Sources */,
				C1B28D2D704B353DA3328538 /* CBOR.m in Sources */,
				4DAE0D2ECAEEEDBEED504538 /* CID.m in Sources */,
				2F417376D4A3504D95854F10 /* DID.m in Sources */,
				C2CFD0265FA64E71AF9864B8 /* DPoPUtil.m in Sources */,
				C1F4BC4D98FDCA17975E7810 /* DatabasePool.m in Sources */,
				115BBBE84C088FE385F47A05 /* EventFormatter.m in Sources */,
				B61B8AF466EB0E5539E459F4 /* ExploreCache.m in Sources */,
				4443D445B64FC461305EF827 /* ExploreHandler.m in Sources */,
				B95385B0F01F365CE75243A6 /* FederationClient.m in Sources */,
				AA2BBD557A6A5CEB16C6890E /* FeedService.m in Sources */,
				63FA2A8DA563C1C9294A752C /* Firehose.m in Sources */,
				0BACAA849D86B1773C74A31E /* HandleResolver.m in Sources */,
				69F073F702DA0905B49D9FE6 /* HttpRequest.m in Sources */,
				FB9968BA07456AC68EC884DC /* HttpResponse.m in Sources */,
				871F0CAE8216754D30BC5427 /* HttpServer.m in Sources */,
				177C407401DEED9BAB872760 /* JWT.m in Sources */,
				36305FB992436F28BA161F3C /* KeyManager.m in Sources */,
				6343ECA8789C476D5C9BDFF3 /* MST.m in Sources */,
				850C1B8365A90762C2A741E7 /* MSTPersistence.m in Sources */,
				1ED9636895C1C9900EE29D88 /* MimeTypeValidator.m in Sources */,
				38585CD2BF992EA7A752522C /* NotificationService.m in Sources */,
				F519874A7DA9C37EC08E49C1 /* OAuth2.m in Sources */,
				B6875F005AED6466AFC4B5B6 /* OAuthServerMetadata.m in Sources */,
				F8E2973CE5F685664655AA57 /* OAuthSession.m in Sources */,
				699FE823F23D13877B1F3350 /* PDSAdminAuth.m in Sources */,
				BB42733D8C85A5DE37EE3FBB /* PDSAdminHandler.m in Sources */,
				1190EFB27E64CA71E6E11C28 /* PDSAuthzManager.m in Sources */,
				C76F7838E0D26544D40531F0 /* PDSCLIAccountCommand.m in Sources */,
				0FF62F68A9D783AB4C73C24C /* PDSCLIDispatcher.m in Sources */,
				79E2D3A507A4AA045580026A /* PDSCLIHealthCommand.m in Sources */,
				17EABD78F24EF905CA8E14D5 /* PDSCLIInviteCommand.m in Sources */,
				6E8E9265F8670906ABB0BF04 /* PDSCLIServeCommand.m in Sources */,
				627A4F87B22FEE7581C671EE /* PDSConfiguration.m in Sources */,
				3643E153FA1193EF31CFE09F /* PDSController.m in Sources */,
				7B27D0C64692AA782768F2C9 /* PDSDatabase.m in Sources */,
				69C11860C06F4766D8A526FF /* PDSHealthCheck.m in Sources */,
				2DD566F83AD54EF1E188A2F1 /* PDSInputValidator.m in Sources */,
				13768FF7B8910629CFACE2A7 /* PDSLogger.m in Sources */,
				2C393B495F44E87FAFDD412C /* PDSMetrics.m in Sources */,
				975FA6C90C8282B1876A8E46 /* PDSMigrationManager.m in Sources */,
				897DD6EDF0B7CE95AEB17498 /* PKCEUtil.m in Sources */,
				70BAC50858354A3229F5819A /* RateLimiter.m in Sources */,
				3E3C74DD3E3A677E82B48B8F /* RelayClient.m in Sources */,
				C6F208682C6AF47CA0D6C45F /* RepoCommit.m in Sources */,
				3BEED6D4A76663A641BC1AE4 /* Schema.m in Sources */,
				708B1DC740250B509DB47604 /* Secp256k1.m in Sources */,
				7C3ED787530475C04293A26E /* ServiceDatabases.m in Sources */,
				69E30AE41B439E415C9ACA06 /* Session.m in Sources */,
				91BE27249EE6D4456651D30A /* SubscribeReposHandler.m in Sources */,
				69ECBA11E0D3F767E622E4BC /* TID.m in Sources */,
				3621A385C6E1E285F9FDD6B1 /* WebSocketConnection.m in Sources */,
				E7B30A7C50DD9D659F0E8475 /* WebSocketServer.m in Sources */,
				C166279CAD6B925600CF769E /* XrpcHandler.m in Sources */,
				9EAF9B94960C8EAB35C5430D /* XrpcMethodRegistry.m in Sources */,
				2F901E86C47B6E1423F0D959 /* main.m in Sources */,
				B0F736348FDE4E85A51528EE /* secp256k1_wrapper_c.c in Sources */,
			);
			runOnlyForDeploymentPostprocessing = 0;
		};
		7CAF326E9B4FFDCCD3C57B18 /* Sources */ = {
			isa = PBXSourcesBuildPhase;
			buildActionMask = 2147483647;
			files = (
				8132730A30BDA4D8BE8F83C3 /* ActorService.m in Sources */,
				B4EF03B7113074B28809A25C /* ActorStore.m in Sources */,
				0DEEE5210BFBC66595D6440F /* ActorStoreTests.m in Sources */,
				237408A08DDB66581C6184A2 /* AdminMiddleware.m in Sources */,
				9E77BD96CD746C24C6A1463D /* AdminService.m in Sources */,
				8BAB78F09FC8E5DB5CC46779 /* AppDelegate.m in Sources */,
				8CA366B63B5F909CFE2D33A7 /* BlobStorage.m in Sources */,
				20B9DF742445C357555173BE /* CAR.m in Sources */,
				B3D98327C2EF854685E7E56C /* CBOR.m in Sources */,
				178D9E49C9E5140944FD2317 /* CID.m in Sources */,
				09B98F7ABC432D4E9448CD9A /* DID.m in Sources */,
				DA4AB1E67347690018592480 /* DPoPUtil.m in Sources */,
				925D45692B0FEF08AC1F2061 /* DatabasePool.m in Sources */,
				1E31A4ABB933990A1D70A060 /* DatabasePoolTests.m in Sources */,
				52F964A5E797C20A4191DC16 /* EventFormatter.m in Sources */,
				5CFC9CB360251FD38E52081B /* ExploreCache.m in Sources */,
				AE15BA755A173C6B09D97DD4 /* ExploreHandler.m in Sources */,
				7CE83AEA9F8FC405A1321FBA /* FederationClient.m in Sources */,
				8BCFC0695206D91A31DDACF7 /* FeedService.m in Sources */,
				575F468A88930D0A5C56A971 /* Firehose.m in Sources */,
				A7E932F91DCA587E2B958EDB /* HandleResolver.m in Sources */,
				2B913A049DFF637B8902DA84 /* HttpRequest.m in Sources */,
				2D5EC9AB563ACAAD5F078AFF /* HttpResponse.m in Sources */,
				5FAC6DC0A5B39440615A39FF /* HttpServer.m in Sources */,
				310BA50E07461DA8CEA77A38 /* JWT.m in Sources */,
				308620C30481F9FB81563533 /* KeyManager.m in Sources */,
				EC82B07D478E6F629F807098 /* MST.m in Sources */,
				92038A50DF6E6BF832DE5403 /* MSTPersistence.m in Sources */,
				8D5A5D41B0D161CEDAB0F7B2 /* MimeTypeValidator.m in Sources */,
				1938FE3F38D418984EF39213 /* NotificationService.m in Sources */,
				ADEBCD5775C5D24BD4210555 /* OAuth2.m in Sources */,
				EF92950B6BC2437E73940BAD /* OAuthServerMetadata.m in Sources */,
				388946059AA22E8B1A616278 /* OAuthSession.m in Sources */,
				F5FAF4D77925FF4DB0BC484F /* PDSAdminAuth.m in Sources */,
				FD0EFB95CD5B216E5A4CECE9 /* PDSAdminHandler.m in Sources */,
				51D5174496DBAA6BB011BFBA /* PDSAuthzManager.m in Sources */,
				DD630FE5213CFDA51314763C /* PDSCLIAccountCommand.m in Sources */,
				6EEBAC3A62F0948CF6878445 /* PDSCLIDispatcher.m in Sources */,
				80C9264F4BF3E27F38EF3D1C /* PDSCLIHealthCommand.m in Sources */,
				343AD6C5D2496625A3AC5042 /* PDSCLIInviteCommand.m in Sources */,
				B88CC361C9F7F945A30FCDE4 /* PDSCLIServeCommand.m in Sources */,
				317EC89BC2FF9D32FD735C93 /* PDSConfiguration.m in Sources */,
				6F75934CD4734D37CDBCDBC4 /* PDSController.m in Sources */,
				49BCEDB86D2FD27489A228D2 /* PDSControllerTests.m in Sources */,
				1EC8F7562E95715DBA35C5AB /* PDSDatabase.m in Sources */,
				ECFA1A43688CADC4AEDB28AA /* PDSHealthCheck.m in Sources */,
				E6CFCD1D27BC1B69FB6C44A3 /* PDSInputValidator.m in Sources */,
				1916A52C6232C345295A5A72 /* PDSLogger.m in Sources */,
				64F0A969C2A0F7A7C3CBDF46 /* PDSMetrics.m in Sources */,
				8357828D0D837C687E7CB4B1 /* PDSMigrationManager.m in Sources */,
				A6CAA5A9C51173312F1F130B /* PKCEUtil.m in Sources */,
				6C1363C9F472E335AFECC90B /* RateLimiter.m in Sources */,
				1069EE35302911EBD0DBD914 /* RelayClient.m in Sources */,
				D5DCFCB4E8883E0413CE83AC /* RepoCommit.m in Sources */,
				85E1AB5241DBC0659150CC83 /* Schema.m in Sources */,
				0D651E32C6CA554448718420 /* Secp256k1.m in Sources */,
				8B19D1DEAE631E751C005314 /* ServiceDatabases.m in Sources */,
				2FCD08E3429BE00468C43AC3 /* Session.m in Sources */,
				DA88EF57B1ED226C1A5F475C /* SubscribeReposHandler.m in Sources */,
				21B254C4B9F37DF155BE85BA /* TID.m in Sources */,
				363BDECAA3446B95425D4E7D /* WebSocketConnection.m in Sources */,
				304F7B15C85FC94C5B29823D /* WebSocketServer.m in Sources */,
				5BFD3F11787F9884FD188E61 /* XrpcHandler.m in Sources */,
				F60748027A5330E88D4E26AF /* XrpcMethodRegistry.m in Sources */,
				E50AF32EDD6784F339F9A188 /* main.m in Sources */,
				CC27FE7278510F7C4F050FF9 /* secp256k1_wrapper_c.c in Sources */,
				FDB0683B22BF43F7A83CD5BD /* server_main.m in Sources */,
				343C1E584C94F67A173BDE35 /* test_main.m in Sources */,
			);
			runOnlyForDeploymentPostprocessing = 0;
		};
		CF8709E566C9B7048CA34A37 /* Sources */ = {
			isa = PBXSourcesBuildPhase;
			buildActionMask = 2147483647;
			files = (
				B515B174A3BFEC5EEAC430A8 /* ActorService.m in Sources */,
				AFB16D8C3EF87604314A1616 /* ActorStore.m in Sources */,
				25E8C10E77CF5C33F5E44A40 /* AdminMiddleware.m in Sources */,
				1A11805466462DDC36425268 /* AdminService.m in Sources */,
				E788FACD4ECDB1E564012A28 /* AppDelegate.m in Sources */,
				F4EB4A9C2F6B9794F91D2FB5 /* BlobStorage.m in Sources */,
				C6FA36E76591205C1DD89690 /* CAR.m in Sources */,
				6696DD500E927CA4F9B77E9E /* CBOR.m in Sources */,
				DF2ABB911D410ECBA49C4E3A /* CID.m in Sources */,
				05DF166AA6CF325A058E6008 /* DID.m in Sources */,
				2DBAEE36CA2BE3420C8DF3B6 /* DPoPUtil.m in Sources */,
				C040BEA368A1B24EC7B423DE /* DatabasePool.m in Sources */,
				40E02EA897595FF0B285CD16 /* EventFormatter.m in Sources */,
				C9EDEBFBF40FBF6CEECD74E8 /* ExploreCache.m in Sources */,
				008FE5347F2345AF4F774B7D /* ExploreHandler.m in Sources */,
				DA997A0BA74034C2E2B11A4C /* FederationClient.m in Sources */,
				7E41914DF1928A3EB28EDDCF /* FeedService.m in Sources */,
				262781A785C0367729496536 /* Firehose.m in Sources */,
				C9324B69F34E962B782B8B17 /* HandleResolver.m in Sources */,
				6EFAD55AD71A374D7CEA58B1 /* HttpRequest.m in Sources */,
				7F181141C9DC38767F88D254 /* HttpResponse.m in Sources */,
				004CC0CA0884E13B22A40080 /* HttpServer.m in Sources */,
				98048E7C0B46D4129FED8BBF /* JWT.m in Sources */,
				18DDB55DF83953CDFE84339D /* KeyManager.m in Sources */,
				4824A197FD87E891A356F012 /* MST.m in Sources */,
				C6D395FE5D6180584B39D8FF /* MSTPersistence.m in Sources */,
				662CC79D48E24DFD9BFACED7 /* MimeTypeValidator.m in Sources */,
				0157C1A9749514C1ABA8F654 /* NotificationService.m in Sources */,
				C82C2FC2964667709F098F8D /* OAuth2.m in Sources */,
				A17D7A34B7DDC24C6C992E65 /* OAuthServerMetadata.m in Sources */,
				9BA969FA5D421DB2DF4F968A /* OAuthSession.m in Sources */,
				0E28D9BF9BB046EADCB23932 /* PDSAdminAuth.m in Sources */,
				B3877988C21B67CB4F841BB5 /* PDSAdminHandler.m in Sources */,
				40FE037EC6C3D9674EF49B6F /* PDSAuthzManager.m in Sources */,
				3497A1496695288C8621040D /* PDSCLIAccountCommand.m in Sources */,
				D0B9049BA1AF7CBEE09FF021 /* PDSCLIDispatcher.m in Sources */,
				943B01023517268D7506D636 /* PDSCLIHealthCommand.m in Sources */,
				CCA903B1928FB8E20833E45D /* PDSCLIInviteCommand.m in Sources */,
				56010148F913CF06656FC740 /* PDSCLIServeCommand.m in Sources */,
				B36DEE902278339B3D5FCADA /* PDSConfiguration.m in Sources */,
				B8059EFCC7FA41D6EA18DDE2 /* PDSController.m in Sources */,
				01B40C987B0FDB5F0BF8192E /* PDSDatabase.m in Sources */,
				D219D34AB91CB60F5396AE03 /* PDSHealthCheck.m in Sources */,
				4151FEB37521820C78416E2D /* PDSInputValidator.m in Sources */,
				22A1E5636A4CCE39E0620956 /* PDSLogger.m in Sources */,
				7737A3F9A23106559282D581 /* PDSMetrics.m in Sources */,
				951139AC98BC2ADF0EF75041 /* PDSMigrationManager.m in Sources */,
				B6816E0E4353DC4260C86B49 /* PKCEUtil.m in Sources */,
				D15AE489583D6E19C0DAB074 /* RateLimiter.m in Sources */,
				5994A9579547581B3F6F4A96 /* RelayClient.m in Sources */,
				251335E6D91D9A55074F4C9E /* RepoCommit.m in Sources */,
				2C4A8CBC8C139A56401CAD90 /* Schema.m in Sources */,
				9872EDB7E7EFCC36F46F9342 /* Secp256k1.m in Sources */,
				E0147F5B0C84E1BB593E6202 /* ServiceDatabases.m in Sources */,
				ADB8CB275BCF10E2CB9FC15D /* Session.m in Sources */,
				BA7370A60F5AEAB28CB3E566 /* SubscribeReposHandler.m in Sources */,
				DB10BAD18EE9A5BF70652B2D /* TID.m in Sources */,
				466BCE77E505C99A75809FE3 /* WebSocketConnection.m in Sources */,
				7455F5CAAA4F59AB9C2DAA13 /* WebSocketServer.m in Sources */,
				8779C4CD8E221C997F5F13AB /* XrpcHandler.m in Sources */,
				42918AD2BBBF3D0AFFA75032 /* XrpcMethodRegistry.m in Sources */,
				09743C4CF665185AD3746693 /* main.m in Sources */,
				16B01C7B094A49BFCC2BA3BA /* secp256k1_wrapper_c.c in Sources */,
			);
			runOnlyForDeploymentPostprocessing = 0;
		};
/* End PBXSourcesBuildPhase section */

/* Begin XCBuildConfiguration section */
		216530F48B1A1B9766F3EE3F /* Release */ = {
			isa = XCBuildConfiguration;
			buildSettings = {
				ALWAYS_SEARCH_USER_PATHS = NO;
				CLANG_ANALYZER_NONNULL = YES;
				CLANG_ANALYZER_NUMBER_OBJECT_CONVERSION = YES_AGGRESSIVE;
				CLANG_CXX_LANGUAGE_STANDARD = "gnu++14";
				CLANG_CXX_LIBRARY = "libc++";
				CLANG_C_LANGUAGE_STANDARD = c11;
				CLANG_ENABLE_MODULES = YES;
				CLANG_ENABLE_OBJC_ARC = YES;
				CLANG_ENABLE_OBJC_WEAK = YES;
				CLANG_WARN_BLOCK_CAPTURE_AUTORELEASING = YES;
				CLANG_WARN_BOOL_CONVERSION = YES;
				CLANG_WARN_COMMA = YES;
				CLANG_WARN_CONSTANT_CONVERSION = YES;
				CLANG_WARN_DEPRECATED_OBJC_IMPLEMENTATIONS = YES;
				CLANG_WARN_DIRECT_OBJC_ISA_USAGE = YES_ERROR;
				CLANG_WARN_DOCUMENTATION_COMMENTS = NO;
				CLANG_WARN_EMPTY_BODY = YES;
				CLANG_WARN_ENUM_CONVERSION = YES;
				CLANG_WARN_INFINITE_RECURSION = YES;
				CLANG_WARN_INT_CONVERSION = YES;
				CLANG_WARN_NON_LITERAL_NULL_CONVERSION = YES;
				CLANG_WARN_OBJC_IMPLICIT_RETAIN_SELF = YES;
				CLANG_WARN_OBJC_LITERAL_CONVERSION = YES;
				CLANG_WARN_OBJC_ROOT_CLASS = YES_ERROR;
				CLANG_WARN_QUOTED_INCLUDE_IN_FRAMEWORK_HEADER = YES;
				CLANG_WARN_RANGE_LOOP_ANALYSIS = YES;
				CLANG_WARN_STRICT_PROTOTYPES = YES;
				CLANG_WARN_SUSPICIOUS_MOVE = YES;
				CLANG_WARN_UNGUARDED_AVAILABILITY = YES_AGGRESSIVE;
				CLANG_WARN_UNREACHABLE_CODE = YES;
				CLANG_WARN__DUPLICATE_METHOD_MATCH = YES;
				COPY_PHASE_STRIP = NO;
				DEBUG_INFORMATION_FORMAT = "dwarf-with-dsym";
				ENABLE_NS_ASSERTIONS = NO;
				ENABLE_STRICT_OBJC_MSGSEND = YES;
				GCC_C_LANGUAGE_STANDARD = gnu11;
				GCC_NO_COMMON_BLOCKS = YES;
				GCC_WARN_64_TO_32_BIT_CONVERSION = YES;
				GCC_WARN_ABOUT_RETURN_TYPE = YES_ERROR;
				GCC_WARN_UNDECLARED_SELECTOR = YES;
				GCC_WARN_UNINITIALIZED_AUTOS = YES_AGGRESSIVE;
				GCC_WARN_UNUSED_FUNCTION = YES;
				GCC_WARN_UNUSED_VARIABLE = YES;
				LIBRARY_SEARCH_PATHS = (
					"$(PROJECT_DIR)/secp256k1/build/lib",
				);
				MACOSX_DEPLOYMENT_TARGET = 14.0;
				MTL_ENABLE_DEBUG_INFO = NO;
				MTL_FAST_MATH = YES;
				PRODUCT_NAME = "$(TARGET_NAME)";
				SDKROOT = macosx;
				SWIFT_COMPILATION_MODE = wholemodule;
				SWIFT_OPTIMIZATION_LEVEL = "-O";
				SWIFT_VERSION = 5.0;
			};
			name = Release;
		};
		343ABBF46A852785676525F6 /* Debug */ = {
			isa = XCBuildConfiguration;
			buildSettings = {
				COMBINE_HIDPI_IMAGES = YES;
				HEADER_SEARCH_PATHS = (
					"$(PROJECT_DIR)/ATProtoPDS/Sources",
					"$(PROJECT_DIR)/secp256k1/include",
					"$(PROJECT_DIR)/tests",
				);
				INFOPLIST_FILE = ATProtoPDS/Resources/Info.plist;
				LD_RUNPATH_SEARCH_PATHS = (
					"$(inherited)",
					"@executable_path/../Frameworks",
				);
				MACOSX_DEPLOYMENT_TARGET = 14.0;
				OTHER_LDFLAGS = (
					"-framework",
					Foundation,
					"-framework",
					AppKit,
					"-framework",
					Network,
					"-framework",
					Security,
					"-lsqlite3",
					"-lsecp256k1",
				);
				PRODUCT_BUNDLE_IDENTIFIER = com.atproto.ATProtoPDS;
				PRODUCT_NAME = atprotopds;
				SDKROOT = macosx;
			};
			name = Debug;
		};
		5E99BC093EE4FDF678342FF6 /* Debug */ = {
			isa = XCBuildConfiguration;
			buildSettings = {
				ALWAYS_SEARCH_USER_PATHS = NO;
				CLANG_ANALYZER_NONNULL = YES;
				CLANG_ANALYZER_NUMBER_OBJECT_CONVERSION = YES_AGGRESSIVE;
				CLANG_CXX_LANGUAGE_STANDARD = "gnu++14";
				CLANG_CXX_LIBRARY = "libc++";
				CLANG_C_LANGUAGE_STANDARD = c11;
				CLANG_ENABLE_MODULES = YES;
				CLANG_ENABLE_OBJC_ARC = YES;
				CLANG_ENABLE_OBJC_WEAK = YES;
				CLANG_WARN_BLOCK_CAPTURE_AUTORELEASING = YES;
				CLANG_WARN_BOOL_CONVERSION = YES;
				CLANG_WARN_COMMA = YES;
				CLANG_WARN_CONSTANT_CONVERSION = YES;
				CLANG_WARN_DEPRECATED_OBJC_IMPLEMENTATIONS = YES;
				CLANG_WARN_DIRECT_OBJC_ISA_USAGE = YES_ERROR;
				CLANG_WARN_DOCUMENTATION_COMMENTS = NO;
				CLANG_WARN_EMPTY_BODY = YES;
				CLANG_WARN_ENUM_CONVERSION = YES;
				CLANG_WARN_INFINITE_RECURSION = YES;
				CLANG_WARN_INT_CONVERSION = YES;
				CLANG_WARN_NON_LITERAL_NULL_CONVERSION = YES;
				CLANG_WARN_OBJC_IMPLICIT_RETAIN_SELF = YES;
				CLANG_WARN_OBJC_LITERAL_CONVERSION = YES;
				CLANG_WARN_OBJC_ROOT_CLASS = YES_ERROR;
				CLANG_WARN_QUOTED_INCLUDE_IN_FRAMEWORK_HEADER = YES;
				CLANG_WARN_RANGE_LOOP_ANALYSIS = YES;
				CLANG_WARN_STRICT_PROTOTYPES = YES;
				CLANG_WARN_SUSPICIOUS_MOVE = YES;
				CLANG_WARN_UNGUARDED_AVAILABILITY = YES_AGGRESSIVE;
				CLANG_WARN_UNREACHABLE_CODE = YES;
				CLANG_WARN__DUPLICATE_METHOD_MATCH = YES;
				COPY_PHASE_STRIP = NO;
				DEBUG_INFORMATION_FORMAT = dwarf;
				ENABLE_STRICT_OBJC_MSGSEND = YES;
				ENABLE_TESTABILITY = YES;
				GCC_C_LANGUAGE_STANDARD = gnu11;
				GCC_DYNAMIC_NO_PIC = NO;
				GCC_NO_COMMON_BLOCKS = YES;
				GCC_OPTIMIZATION_LEVEL = 0;
				GCC_PREPROCESSOR_DEFINITIONS = (
					"$(inherited)",
					"DEBUG=1",
				);
				GCC_WARN_64_TO_32_BIT_CONVERSION = YES;
				GCC_WARN_ABOUT_RETURN_TYPE = YES_ERROR;
				GCC_WARN_UNDECLARED_SELECTOR = YES;
				GCC_WARN_UNINITIALIZED_AUTOS = YES_AGGRESSIVE;
				GCC_WARN_UNUSED_FUNCTION = YES;
				GCC_WARN_UNUSED_VARIABLE = YES;
				LIBRARY_SEARCH_PATHS = (
					"$(PROJECT_DIR)/secp256k1/build/lib",
				);
				MACOSX_DEPLOYMENT_TARGET = 14.0;
				MTL_ENABLE_DEBUG_INFO = INCLUDE_SOURCE;
				MTL_FAST_MATH = YES;
				ONLY_ACTIVE_ARCH = YES;
				PRODUCT_NAME = "$(TARGET_NAME)";
				SDKROOT = macosx;
				SWIFT_ACTIVE_COMPILATION_CONDITIONS = DEBUG;
				SWIFT_OPTIMIZATION_LEVEL = "-Onone";
				SWIFT_VERSION = 5.0;
			};
			name = Debug;
		};
		7E55FD02412F0501D9B5A497 /* Debug */ = {
			isa = XCBuildConfiguration;
			buildSettings = {
				CODE_SIGN_IDENTITY = "-";
				COMBINE_HIDPI_IMAGES = YES;
				HEADER_SEARCH_PATHS = (
					"$(PROJECT_DIR)/ATProtoPDS/Sources",
					"$(PROJECT_DIR)/secp256k1/include",
					"$(PROJECT_DIR)/tests",
				);
				INFOPLIST_FILE = ATProtoPDS/Resources/Info.plist;
				LD_RUNPATH_SEARCH_PATHS = (
					"$(inherited)",
					"@executable_path/../Frameworks",
					/Applications/Xcode.app/Contents/Developer/Platforms/MacOSX.platform/Developer/Library/Frameworks,
				);
				MACOSX_DEPLOYMENT_TARGET = 14.0;
				OTHER_LDFLAGS = (
					"-framework",
					XCTest,
					"-framework",
					Foundation,
					"-framework",
					Security,
					"-lsqlite3",
					"-lsecp256k1",
				);
				PRODUCT_BUNDLE_IDENTIFIER = com.atproto.AllTests;
				PRODUCT_NAME = AllTests;
				SDKROOT = macosx;
			};
			name = Debug;
		};
		83CC1A7CFFD5B68480315FB5 /* Release */ = {
			isa = XCBuildConfiguration;
			buildSettings = {
				COMBINE_HIDPI_IMAGES = YES;
				HEADER_SEARCH_PATHS = (
					"$(PROJECT_DIR)/ATProtoPDS/Sources",
					"$(PROJECT_DIR)/secp256k1/include",
				);
				INFOPLIST_FILE = ATProtoPDS/Resources/Info.plist;
				LD_RUNPATH_SEARCH_PATHS = (
					"$(inherited)",
					"@executable_path/../Frameworks",
				);
				MACOSX_DEPLOYMENT_TARGET = 14.0;
				OTHER_LDFLAGS = (
					"-framework",
					Foundation,
					"-framework",
					Network,
					"-framework",
					Security,
					"-lsqlite3",
					"-lsecp256k1",
				);
				PRODUCT_BUNDLE_IDENTIFIER = "com.atproto.ATProtoPDS-CLI";
				PRODUCT_NAME = "atprotopds-cli";
				SDKROOT = macosx;
			};
			name = Release;
		};
		DB86B10E66C4A8EAC736030B /* Release */ = {
			isa = XCBuildConfiguration;
			buildSettings = {
				CODE_SIGN_IDENTITY = "-";
				COMBINE_HIDPI_IMAGES = YES;
				HEADER_SEARCH_PATHS = (
					"$(PROJECT_DIR)/ATProtoPDS/Sources",
					"$(PROJECT_DIR)/secp256k1/include",
					"$(PROJECT_DIR)/tests",
				);
				INFOPLIST_FILE = ATProtoPDS/Resources/Info.plist;
				LD_RUNPATH_SEARCH_PATHS = (
					"$(inherited)",
					"@executable_path/../Frameworks",
					/Applications/Xcode.app/Contents/Developer/Platforms/MacOSX.platform/Developer/Library/Frameworks,
				);
				MACOSX_DEPLOYMENT_TARGET = 14.0;
				OTHER_LDFLAGS = (
					"-framework",
					XCTest,
					"-framework",
					Foundation,
					"-framework",
					Security,
					"-lsqlite3",
					"-lsecp256k1",
				);
				PRODUCT_BUNDLE_IDENTIFIER = com.atproto.AllTests;
				PRODUCT_NAME = AllTests;
				SDKROOT = macosx;
			};
			name = Release;
		};
		DDB8E21E25A2E79E9DF0D1DA /* Debug */ = {
			isa = XCBuildConfiguration;
			buildSettings = {
				COMBINE_HIDPI_IMAGES = YES;
				HEADER_SEARCH_PATHS = (
					"$(PROJECT_DIR)/ATProtoPDS/Sources",
					"$(PROJECT_DIR)/secp256k1/include",
				);
				INFOPLIST_FILE = ATProtoPDS/Resources/Info.plist;
				LD_RUNPATH_SEARCH_PATHS = (
					"$(inherited)",
					"@executable_path/../Frameworks",
				);
				MACOSX_DEPLOYMENT_TARGET = 14.0;
				OTHER_LDFLAGS = (
					"-framework",
					Foundation,
					"-framework",
					Network,
					"-framework",
					Security,
					"-lsqlite3",
					"-lsecp256k1",
				);
				PRODUCT_BUNDLE_IDENTIFIER = "com.atproto.ATProtoPDS-CLI";
				PRODUCT_NAME = "atprotopds-cli";
				SDKROOT = macosx;
			};
			name = Debug;
		};
		EF51F9360DFA353B2EB4E83F /* Release */ = {
			isa = XCBuildConfiguration;
			buildSettings = {
				COMBINE_HIDPI_IMAGES = YES;
				HEADER_SEARCH_PATHS = (
					"$(PROJECT_DIR)/ATProtoPDS/Sources",
					"$(PROJECT_DIR)/secp256k1/include",
					"$(PROJECT_DIR)/tests",
				);
				INFOPLIST_FILE = ATProtoPDS/Resources/Info.plist;
				LD_RUNPATH_SEARCH_PATHS = (
					"$(inherited)",
					"@executable_path/../Frameworks",
				);
				MACOSX_DEPLOYMENT_TARGET = 14.0;
				OTHER_LDFLAGS = (
					"-framework",
					Foundation,
					"-framework",
					AppKit,
					"-framework",
					Network,
					"-framework",
					Security,
					"-lsqlite3",
					"-lsecp256k1",
				);
				PRODUCT_BUNDLE_IDENTIFIER = com.atproto.ATProtoPDS;
				PRODUCT_NAME = atprotopds;
				SDKROOT = macosx;
			};
			name = Release;
		};
/* End XCBuildConfiguration section */

/* Begin XCConfigurationList section */
		19F9A6F379A06F87C344F58C /* Build configuration list for PBXProject "ATProtoPDS" */ = {
			isa = XCConfigurationList;
			buildConfigurations = (
				5E99BC093EE4FDF678342FF6 /* Debug */,
				216530F48B1A1B9766F3EE3F /* Release */,
			);
			defaultConfigurationIsVisible = 0;
			defaultConfigurationName = Debug;
		};
		3558B3850091D76095F6902A /* Build configuration list for PBXNativeTarget "AllTests" */ = {
			isa = XCConfigurationList;
			buildConfigurations = (
				7E55FD02412F0501D9B5A497 /* Debug */,
				DB86B10E66C4A8EAC736030B /* Release */,
			);
			defaultConfigurationIsVisible = 0;
			defaultConfigurationName = Debug;
		};
		521109452ADC342B054E7FAC /* Build configuration list for PBXNativeTarget "ATProtoPDS" */ = {
			isa = XCConfigurationList;
			buildConfigurations = (
				343ABBF46A852785676525F6 /* Debug */,
				EF51F9360DFA353B2EB4E83F /* Release */,
			);
			defaultConfigurationIsVisible = 0;
			defaultConfigurationName = Debug;
		};
		7C25E707EF530E1E2E449DBE /* Build configuration list for PBXNativeTarget "ATProtoPDS-CLI" */ = {
			isa = XCConfigurationList;
			buildConfigurations = (
				DDB8E21E25A2E79E9DF0D1DA /* Debug */,
				83CC1A7CFFD5B68480315FB5 /* Release */,
			);
			defaultConfigurationIsVisible = 0;
			defaultConfigurationName = Debug;
		};
/* End XCConfigurationList section */
	};
	rootObject = 08C966C6EE1CE129494A84AE /* Project object */;
}
