// !$*UTF8*$!
{
	archiveVersion = 1;
	classes = {
	};
	objectVersion = 56;
	objects = {

/* Begin PBXBuildFile section */
// Main executable
		ATPROTO_MAIN = {isa = PBXBuildFile; fileRef = ATPROTO_SERVER_MAIN; };
		ATPROTO_APP_DELEGATE = {isa = PBXBuildFile; fileRef = ATPROTO_APP_DELEGATE; };
		ATPROTO_PDS_CONTROLLER = {isa = PBXBuildFile; fileRef = ATPROTO_PDS_CONTROLLER; };
		ATPROTO_TEST_RUNNER = {isa = PBXBuildFile; fileRef = ATPROTO_TEST_RUNNER; };
// Core
		ATPROTO_CID = {isa = PBXBuildFile; fileRef = ATPROTO_CID; };
		ATPROTO_DID = {isa = PBXBuildFile; fileRef = ATPROTO_DID; };
		ATPROTO_TID = {isa = PBXBuildFile; fileRef = ATPROTO_TID; };
// Auth
		ATPROTO_DPOP_UTIL = {isa = PBXBuildFile; fileRef = ATPROTO_DPOP_UTIL; };
		ATPROTO_JWT = {isa = PBXBuildFile; fileRef = ATPROTO_JWT; };
		ATPROTO_KEY_MANAGER = {isa = PBXBuildFile; fileRef = ATPROTO_KEY_MANAGER; };
		ATPROTO_OAUTH2 = {isa = PBXBuildFile; fileRef = ATPROTO_OAUTH2; };
		ATPROTO_OAUTH_SERVER_METADATA = {isa = PBXBuildFile; fileRef = ATPROTO_OAUTH_SERVER_METADATA; };
		ATPROTO_OAUTH_SESSION = {isa = PBXBuildFile; fileRef = ATPROTO_OAUTH_SESSION; };
		ATPROTO_PKCE_UTIL = {isa = PBXBuildFile; fileRef = ATPROTO_PKCE_UTIL; };
		ATPROTO_SECP256K1 = {isa = PBXBuildFile; fileRef = ATPROTO_SECP256K1; };
		ATPROTO_SESSION = {isa = PBXBuildFile; fileRef = ATPROTO_SESSION; };
		ATPROTO_SECP256K1_WRAPPER = {isa = PBXBuildFile; fileRef = ATPROTO_SECP256K1_WRAPPER_C; };
// Blob
		ATPROTO_BLOB_STORAGE = {isa = PBXBuildFile; fileRef = ATPROTO_BLOB_STORAGE; };
		ATPROTO_MIME_TYPE_VALIDATOR = {isa = PBXBuildFile; fileRef = ATPROTO_MIME_TYPE_VALIDATOR; };
// Database
		ATPROTO_PDS_DATABASE = {isa = PBXBuildFile; fileRef = ATPROTO_PDS_DATABASE; };
		ATPROTO_SCHEMA = {isa = PBXBuildFile; fileRef = ATPROTO_SCHEMA; };
// Network
		ATPROTO_HTTP_REQUEST = {isa = PBXBuildFile; fileRef = ATPROTO_HTTP_REQUEST; };
		ATPROTO_HTTP_RESPONSE = {isa = PBXBuildFile; fileRef = ATPROTO_HTTP_RESPONSE; };
		ATPROTO_HTTP_SERVER = {isa = PBXBuildFile; fileRef = ATPROTO_HTTP_SERVER; };
		ATPROTO_RATE_LIMITER = {isa = PBXBuildFile; fileRef = ATPROTO_RATE_LIMITER; };
		ATPROTO_XRPC_HANDLER = {isa = PBXBuildFile; fileRef = ATPROTO_XRPC_HANDLER; };
		ATPROTO_XRPC_METHOD_REGISTRY = {isa = PBXBuildFile; fileRef = ATPROTO_XRPC_METHOD_REGISTRY; };
// Repository
		ATPROTO_CAR = {isa = PBXBuildFile; fileRef = ATPROTO_CAR; };
		ATPROTO_CBOR = {isa = PBXBuildFile; fileRef = ATPROTO_CBOR; };
		ATPROTO_MST = {isa = PBXBuildFile; fileRef = ATPROTO_MST; };
		ATPROTO_MST_PERSISTENCE = {isa = PBXBuildFile; fileRef = ATPROTO_MST_PERSISTENCE; };
		ATPROTO_REPO_COMMIT = {isa = PBXBuildFile; fileRef = ATPROTO_REPO_COMMIT; };
// Sync
		ATPROTO_EVENT_FORMATTER = {isa = PBXBuildFile; fileRef = ATPROTO_EVENT_FORMATTER; };
		ATPROTO_FIREHOSE = {isa = PBXBuildFile; fileRef = ATPROTO_FIREHOSE; };
		ATPROTO_RELAY_CLIENT = {isa = PBXBuildFile; fileRef = ATPROTO_RELAY_CLIENT; };
		ATPROTO_SUBSCRIBE_REPOS_HANDLER = {isa = PBXBuildFile; fileRef = ATPROTO_SUBSCRIBE_REPOS_HANDLER; };
		ATPROTO_WEBSOCKET_CONNECTION = {isa = PBXBuildFile; fileRef = ATPROTO_WEBSOCKET_CONNECTION; };
		ATPROTO_WEBSOCKET_SERVER = {isa = PBXBuildFile; fileRef = ATPROTO_WEBSOCKET_SERVER; };
// Identity
		ATPROTO_HANDLE_RESOLVER = {isa = PBXBuildFile; fileRef = ATPROTO_HANDLE_RESOLVER; };
// Federation
		ATPROTO_FEDERATION_CLIENT = {isa = PBXBuildFile; fileRef = ATPROTO_FEDERATION_CLIENT; };
// Admin
		ATPROTO_ADMIN_MIDDLEWARE = {isa = PBXBuildFile; fileRef = ATPROTO_ADMIN_MIDDLEWARE; };
		ATPROTO_ADMIN_SERVICE = {isa = PBXBuildFile; fileRef = ATPROTO_ADMIN_SERVICE; };
		ATPROTO_PDS_ADMIN_AUTH = {isa = PBXBuildFile; fileRef = ATPROTO_PDS_ADMIN_AUTH; };
		ATPROTO_PDS_ADMIN_HANDLER = {isa = PBXBuildFile; fileRef = ATPROTO_PDS_ADMIN_HANDLER; };
// AppView
		ATPROTO_ACTOR_SERVICE = {isa = PBXBuildFile; fileRef = ATPROTO_ACTOR_SERVICE; };
		ATPROTO_FEED_SERVICE = {isa = PBXBuildFile; fileRef = ATPROTO_FEED_SERVICE; };
		ATPROTO_NOTIFICATION_SERVICE = {isa = PBXBuildFile; fileRef = ATPROTO_NOTIFICATION_SERVICE; };
// Metrics
		ATPROTO_PDS_METRICS = {isa = PBXBuildFile; fileRef = ATPROTO_PDS_METRICS; };
// Debug
		ATPROTO_PDS_LOGGER = {isa = PBXBuildFile; fileRef = ATPROTO_PDS_LOGGER; };
// Tests
		ATPROTO_HTTP_SERVER_TEST = {isa = PBXBuildFile; fileRef = ATPROTO_HTTP_SERVER_TEST; };
		ATPROTO_BLOB_STORAGE_TESTS = {isa = PBXBuildFile; fileRef = ATPROTO_BLOB_STORAGE_TESTS; };
/* End PBXBuildFile section */

/* Begin PBXFileReference section */
		ATPROTO_SERVER_MAIN = {isa = PBXFileReference; lastKnownFileType = sourcecode.c.objc; path = App/server_main.m; sourceTree = "<group>"; };
		ATPROTO_APP_DELEGATE = {isa = PBXFileReference; lastKnownFileType = sourcecode.c.objc; path = App/AppDelegate.m; sourceTree = "<group>"; };
		ATPROTO_PDS_CONTROLLER = {isa = PBXFileReference; lastKnownFileType = sourcecode.c.objc; path = App/PDSController.m; sourceTree = "<group>"; };
		ATPROTO_TEST_RUNNER = {isa = PBXFileReference; lastKnownFileType = sourcecode.c.objc; path = App/test_runner.m; sourceTree = "<group>"; };
// Core
		ATPROTO_CID = {isa = PBXFileReference; lastKnownFileType = sourcecode.c.objc; path = Core/CID.m; sourceTree = "<group>"; };
		ATPROTO_DID = {isa = PBXFileReference; lastKnownFileType = sourcecode.c.objc; path = Core/DID.m; sourceTree = "<group>"; };
		ATPROTO_TID = {isa = PBXFileReference; lastKnownFileType = sourcecode.c.objc; path = Core/TID.m; sourceTree = "<group>"; };
// Auth
		ATPROTO_DPOP_UTIL = {isa = PBXFileReference; lastKnownFileType = sourcecode.c.objc; path = Auth/DPoPUtil.m; sourceTree = "<group>"; };
		ATPROTO_JWT = {isa = PBXFileReference; lastKnownFileType = sourcecode.c.objc; path = Auth/JWT.m; sourceTree = "<group>"; };
		ATPROTO_KEY_MANAGER = {isa = PBXFileReference; lastKnownFileType = sourcecode.c.objc; path = Auth/KeyManager.m; sourceTree = "<group>"; };
		ATPROTO_OAUTH2 = {isa = PBXFileReference; lastKnownFileType = sourcecode.c.objc; path = Auth/OAuth2.m; sourceTree = "<group>"; };
		ATPROTO_OAUTH_SERVER_METADATA = {isa = PBXFileReference; lastKnownFileType = sourcecode.c.objc; path = Auth/OAuthServerMetadata.m; sourceTree = "<group>"; };
		ATPROTO_OAUTH_SESSION = {isa = PBXFileReference; lastKnownFileType = sourcecode.c.objc; path = Auth/OAuthSession.m; sourceTree = "<group>"; };
		ATPROTO_PKCE_UTIL = {isa = PBXFileReference; lastKnownFileType = sourcecode.c.objc; path = Auth/PKCEUtil.m; sourceTree = "<group>"; };
		ATPROTO_SECP256K1 = {isa = PBXFileReference; lastKnownFileType = sourcecode.c.objc; path = Auth/Secp256k1.m; sourceTree = "<group>"; };
		ATPROTO_SESSION = {isa = PBXFileReference; lastKnownFileType = sourcecode.c.objc; path = Auth/Session.m; sourceTree = "<group>"; };
		ATPROTO_SECP256K1_WRAPPER_C = {isa = PBXFileReference; lastKnownFileType = sourcecode.c.c; path = Auth/secp256k1_wrapper_c.c; sourceTree = "<group>"; };
// Blob
		ATPROTO_BLOB_STORAGE = {isa = PBXFileReference; lastKnownFileType = sourcecode.c.objc; path = Blob/BlobStorage.m; sourceTree = "<group>"; };
		ATPROTO_MIME_TYPE_VALIDATOR = {isa = PBXFileReference; lastKnownFileType = sourcecode.c.objc; path = Blob/MimeTypeValidator.m; sourceTree = "<group>"; };
// Database
		ATPROTO_PDS_DATABASE = {isa = PBXFileReference; lastKnownFileType = sourcecode.c.objc; path = Database/PDSDatabase.m; sourceTree = "<group>"; };
		ATPROTO_SCHEMA = {isa = PBXFileReference; lastKnownFileType = sourcecode.c.objc; path = Database/Schema.m; sourceTree = "<group>"; };
// Network
		ATPROTO_HTTP_REQUEST = {isa = PBXFileReference; lastKnownFileType = sourcecode.c.objc; path = Network/HttpRequest.m; sourceTree = "<group>"; };
		ATPROTO_HTTP_RESPONSE = {isa = PBXFileReference; lastKnownFileType = sourcecode.c.objc; path = Network/HttpResponse.m; sourceTree = "<group>"; };
		ATPROTO_HTTP_SERVER = {isa = PBXFileReference; lastKnownFileType = sourcecode.c.objc; path = Network/HttpServer.m; sourceTree = "<group>"; };
		ATPROTO_RATE_LIMITER = {isa = PBXFileReference; lastKnownFileType = sourcecode.c.objc; path = Network/RateLimiter.m; sourceTree = "<group>"; };
		ATPROTO_XRPC_HANDLER = {isa = PBXFileReference; lastKnownFileType = sourcecode.c.objc; path = Network/XrpcHandler.m; sourceTree = "<group>"; };
		ATPROTO_XRPC_METHOD_REGISTRY = {isa = PBXFileReference; lastKnownFileType = sourcecode.c.objc; path = Network/XrpcMethodRegistry.m; sourceTree = "<group>"; };
// Repository
		ATPROTO_CAR = {isa = PBXFileReference; lastKnownFileType = sourcecode.c.objc; path = Repository/CAR.m; sourceTree = "<group>"; };
		ATPROTO_CBOR = {isa = PBXFileReference; lastKnownFileType = sourcecode.c.objc; path = Repository/CBOR.m; sourceTree = "<group>"; };
		ATPROTO_MST = {isa = PBXFileReference; lastKnownFileType = sourcecode.c.objc; path = Repository/MST.m; sourceTree = "<group>"; };
		ATPROTO_MST_PERSISTENCE = {isa = PBXFileReference; lastKnownFileType = sourcecode.c.objc; path = Repository/MSTPersistence.m; sourceTree = "<group>"; };
		ATPROTO_REPO_COMMIT = {isa = PBXFileReference; lastKnownFileType = sourcecode.c.objc; path = Repository/RepoCommit.m; sourceTree = "<group>"; };
// Sync
		ATPROTO_EVENT_FORMATTER = {isa = PBXFileReference; lastKnownFileType = sourcecode.c.objc; path = Sync/EventFormatter.m; sourceTree = "<group>"; };
		ATPROTO_FIREHOSE = {isa = PBXFileReference; lastKnownFileType = sourcecode.c.objc; path = Sync/Firehose.m; sourceTree = "<group>"; };
		ATPROTO_RELAY_CLIENT = {isa = PBXFileReference; lastKnownFileType = sourcecode.c.objc; path = Sync/RelayClient.m; sourceTree = "<group>"; };
		ATPROTO_SUBSCRIBE_REPOS_HANDLER = {isa = PBXFileReference; lastKnownFileType = sourcecode.c.objc; path = Sync/SubscribeReposHandler.m; sourceTree = "<group>"; };
		ATPROTO_WEBSOCKET_CONNECTION = {isa = PBXFileReference; lastKnownFileType = sourcecode.c.objc; path = Sync/WebSocketConnection.m; sourceTree = "<group>"; };
		ATPROTO_WEBSOCKET_SERVER = {isa = PBXFileReference; lastKnownFileType = sourcecode.c.objc; path = Sync/WebSocketServer.m; sourceTree = "<group>"; };
// Identity
		ATPROTO_HANDLE_RESOLVER = {isa = PBXFileReference; lastKnownFileType = sourcecode.c.objc; path = Identity/HandleResolver.m; sourceTree = "<group>"; };
// Federation
		ATPROTO_FEDERATION_CLIENT = {isa = PBXFileReference; lastKnownFileType = sourcecode.c.objc; path = Federation/FederationClient.m; sourceTree = "<group>"; };
// Admin
		ATPROTO_ADMIN_MIDDLEWARE = {isa = PBXFileReference; lastKnownFileType = sourcecode.c.objc; path = Admin/AdminMiddleware.m; sourceTree = "<group>"; };
		ATPROTO_ADMIN_SERVICE = {isa = PBXFileReference; lastKnownFileType = sourcecode.c.objc; path = Admin/AdminService.m; sourceTree = "<group>"; };
		ATPROTO_PDS_ADMIN_AUTH = {isa = PBXFileReference; lastKnownFileType = sourcecode.c.objc; path = Admin/PDSAdminAuth.m; sourceTree = "<group>"; };
		ATPROTO_PDS_ADMIN_HANDLER = {isa = PBXFileReference; lastKnownFileType = sourcecode.c.objc; path = Admin/PDSAdminHandler.m; sourceTree = "<group>"; };
// AppView
		ATPROTO_ACTOR_SERVICE = {isa = PBXFileReference; lastKnownFileType = sourcecode.c.objc; path = AppView/ActorService.m; sourceTree = "<group>"; };
		ATPROTO_FEED_SERVICE = {isa = PBXFileReference; lastKnownFileType = sourcecode.c.objc; path = AppView/FeedService.m; sourceTree = "<group>"; };
		ATPROTO_NOTIFICATION_SERVICE = {isa = PBXFileReference; lastKnownFileType = sourcecode.c.objc; path = AppView/NotificationService.m; sourceTree = "<group>"; };
// Metrics
		ATPROTO_PDS_METRICS = {isa = PBXFileReference; lastKnownFileType = sourcecode.c.objc; path = Metrics/PDSMetrics.m; sourceTree = "<group>"; };
// Debug
		ATPROTO_PDS_LOGGER = {isa = PBXFileReference; lastKnownFileType = sourcecode.c.objc; path = Debug/PDSLogger.m; sourceTree = "<group>"; };
// Tests
		ATPROTO_HTTP_SERVER_TEST = {isa = PBXFileReference; lastKnownFileType = sourcecode.c.objc; path = Tests/Network/http_server_test.m; sourceTree = "<group>"; };
		ATPROTO_BLOB_STORAGE_TESTS = {isa = PBXFileReference; lastKnownFileType = sourcecode.c.objc; path = Tests/Blob/blob_storage_tests.m; sourceTree = "<group>"; };
/* End PBXFileReference section */

/* Begin PBXGroup section */
		ATPROTO_ROOT = {
			isa = PBXGroup;
			children = (
				ATPROTO_APP_GROUP,
				ATPROTO_CORE_GROUP,
				ATPROTO_AUTH_GROUP,
				ATPROTO_BLOB_GROUP,
				ATPROTO_DATABASE_GROUP,
				ATPROTO_NETWORK_GROUP,
				ATPROTO_REPOSITORY_GROUP,
				ATPROTO_SYNC_GROUP,
				ATPROTO_IDENTITY_GROUP,
				ATPROTO_FEDERATION_GROUP,
				ATPROTO_ADMIN_GROUP,
				ATPROTO_APPVIEW_GROUP,
				ATPROTO_METRICS_GROUP,
				ATPROTO_DEBUG_GROUP,
				ATPROTO_TESTS_GROUP,
			);
			path = ATProtoPDS;
			sourceTree = "<group>";
		};
		ATPROTO_APP_GROUP = {
			isa = PBXGroup;
			children = (
				ATPROTO_SERVER_MAIN,
				ATPROTO_APP_DELEGATE,
				ATPROTO_PDS_CONTROLLER,
				ATPROTO_TEST_RUNNER,
			);
			path = App;
			sourceTree = "<group>";
		};
		ATPROTO_CORE_GROUP = {
			isa = PBXGroup;
			children = (
				ATPROTO_CID,
				ATPROTO_DID,
				ATPROTO_TID,
			);
			path = Core;
			sourceTree = "<group>";
		};
		ATPROTO_AUTH_GROUP = {
			isa = PBXGroup;
			children = (
				ATPROTO_DPOP_UTIL,
				ATPROTO_JWT,
				ATPROTO_KEY_MANAGER,
				ATPROTO_OAUTH2,
				ATPROTO_OAUTH_SERVER_METADATA,
				ATPROTO_OAUTH_SESSION,
				ATPROTO_PKCE_UTIL,
				ATPROTO_SECP256K1,
				ATPROTO_SESSION,
				ATPROTO_SECP256K1_WRAPPER_C,
			);
			path = Auth;
			sourceTree = "<group>";
		};
		ATPROTO_BLOB_GROUP = {
			isa = PBXGroup;
			children = (
				ATPROTO_BLOB_STORAGE,
				ATPROTO_MIME_TYPE_VALIDATOR,
			);
			path = Blob;
			sourceTree = "<group>";
		};
		ATPROTO_DATABASE_GROUP = {
			isa = PBXGroup;
			children = (
				ATPROTO_PDS_DATABASE,
				ATPROTO_SCHEMA,
			);
			path = Database;
			sourceTree = "<group>";
		};
		ATPROTO_NETWORK_GROUP = {
			isa = PBXGroup;
			children = (
				ATPROTO_HTTP_REQUEST,
				ATPROTO_HTTP_RESPONSE,
				ATPROTO_HTTP_SERVER,
				ATPROTO_RATE_LIMITER,
				ATPROTO_XRPC_HANDLER,
				ATPROTO_XRPC_METHOD_REGISTRY,
			);
			path = Network;
			sourceTree = "<group>";
		};
		ATPROTO_REPOSITORY_GROUP = {
			isa = PBXGroup;
			children = (
				ATPROTO_CAR,
				ATPROTO_CBOR,
				ATPROTO_MST,
				ATPROTO_MST_PERSISTENCE,
				ATPROTO_REPO_COMMIT,
			);
			path = Repository;
			sourceTree = "<group>";
		};
		ATPROTO_SYNC_GROUP = {
			isa = PBXGroup;
			children = (
				ATPROTO_EVENT_FORMATTER,
				ATPROTO_FIREHOSE,
				ATPROTO_RELAY_CLIENT,
				ATPROTO_SUBSCRIBE_REPOS_HANDLER,
				ATPROTO_WEBSOCKET_CONNECTION,
				ATPROTO_WEBSOCKET_SERVER,
			);
			path = Sync;
			sourceTree = "<group>";
		};
		ATPROTO_IDENTITY_GROUP = {
			isa = PBXGroup;
			children = (
				ATPROTO_HANDLE_RESOLVER,
			);
			path = Identity;
			sourceTree = "<group>";
		};
		ATPROTO_FEDERATION_GROUP = {
			isa = PBXGroup;
			children = (
				ATPROTO_FEDERATION_CLIENT,
			);
			path = Federation;
			sourceTree = "<group>";
		};
		ATPROTO_ADMIN_GROUP = {
			isa = PBXGroup;
			children = (
				ATPROTO_ADMIN_MIDDLEWARE,
				ATPROTO_ADMIN_SERVICE,
				ATPROTO_PDS_ADMIN_AUTH,
				ATPROTO_PDS_ADMIN_HANDLER,
			);
			path = Admin;
			sourceTree = "<group>";
		};
		ATPROTO_APPVIEW_GROUP = {
			isa = PBXGroup;
			children = (
				ATPROTO_ACTOR_SERVICE,
				ATPROTO_FEED_SERVICE,
				ATPROTO_NOTIFICATION_SERVICE,
			);
			path = AppView;
			sourceTree = "<group>";
		};
		ATPROTO_METRICS_GROUP = {
			isa = PBXGroup;
			children = (
				ATPROTO_PDS_METRICS,
			);
			path = Metrics;
			sourceTree = "<group>";
		};
		ATPROTO_DEBUG_GROUP = {
			isa = PBXGroup;
			children = (
				ATPROTO_PDS_LOGGER,
			);
			path = Debug;
			sourceTree = "<group>";
		};
		ATPROTO_TESTS_GROUP = {
			isa = PBXGroup;
			children = (
				ATPROTO_HTTP_SERVER_TEST,
				ATPROTO_BLOB_STORAGE_TESTS,
			);
			path = Tests;
			sourceTree = "<group>";
		};
		ROOT_GROUP = {
			isa = PBXGroup;
			children = (
				ATPROTO_ROOT,
			);
			path = "";
			sourceTree = "<group>";
		};
/* End PBXGroup section */

/* Begin PBXNativeTarget section */
		ATPROTO_PDS_TARGET = {
			isa = PBXNativeTarget;
			buildConfigurationList = ATPROTO_BUILD_CONFIG_LIST;
			buildPhases = (
				ATPROTO_SOURCES_PHASE,
				ATPROTO_FRAMEWORKS_PHASE,
				ATPROTO_COPY_FILES_PHASE,
			);
			dependencies = (
			);
			name = ATProtoPDS;
			productName = atprotopds;
			productReference = ATPROTO_PRODUCT;
			productType = "com.apple.product-type.tool";
		};
		BLOB_STORAGE_TESTS_TARGET = {
			isa = PBXNativeTarget;
			buildConfigurationList = BLOB_TESTS_CONFIG_LIST;
			buildPhases = (
				BLOB_TESTS_SOURCES_PHASE,
				BLOB_TESTS_FRAMEWORKS_PHASE,
			);
			dependencies = (
			);
			name = BlobStorageTests;
			productName = blob_storage_tests;
			productReference = BLOB_TESTS_PRODUCT;
			productType = "com.apple.product-type.tool";
		};
		HTTP_SERVER_TESTS_TARGET = {
			isa = PBXNativeTarget;
			buildConfigurationList = HTTP_TESTS_CONFIG_LIST;
			buildPhases = (
				HTTP_TESTS_SOURCES_PHASE,
				HTTP_TESTS_FRAMEWORKS_PHASE,
			);
			dependencies = (
			);
			name = HTTPServerTests;
			productName = http_server_test;
			productReference = HTTP_TESTS_PRODUCT;
			productType = "com.apple.product-type.tool";
		};
/* End PBXNativeTarget section */

/* Begin PBXProject section */
		PROJECT = {
			isa = PBXProject;
			attributes = {
				BuildIndependentTargetsInParallel = 1;
				CLASSPREFIX = PDS;
				LastUpgradeCheck = 1600;
				TargetAttributes = {
					ATPROTO_PDS_TARGET = {
						CreatedOnToolsVersion = 16.0;
					};
					BLOB_STORAGE_TESTS_TARGET = {
						CreatedOnToolsVersion = 16.0;
					};
					HTTP_SERVER_TESTS_TARGET = {
						CreatedOnToolsVersion = 16.0;
					};
				};
			};
			buildConfigurationList = PROJECT_CONFIG_LIST;
			compatibilityVersion = "Xcode 16.0";
			developmentRegion = en;
			hasScannedForEncodings = 1;
			knownRegions = (
				en,
			);
			mainGroup = ROOT_GROUP;
			productInstallPathGroupName = "";
			projectDirPath = "";
			projectRoot = "";
			targets = (
				ATPROTO_PDS_TARGET,
				BLOB_STORAGE_TESTS_TARGET,
				HTTP_SERVER_TESTS_TARGET,
			);
		};
/* End PBXProject section */

/* Begin PBXShellScriptBuildPhase section */
		ATPROTO_SOURCES_PHASE = {
			isa = PBXShellScriptBuildPhase;
			buildActionMask = 2147483647;
			files = (
				ATPROTO_MAIN,
				ATPROTO_APP_DELEGATE,
				ATPROTO_PDS_CONTROLLER,
				ATPROTO_CID,
				ATPROTO_DID,
				ATPROTO_TID,
				ATPROTO_DPOP_UTIL,
				ATPROTO_JWT,
				ATPROTO_KEY_MANAGER,
				ATPROTO_OAUTH2,
				ATPROTO_OAUTH_SERVER_METADATA,
				ATPROTO_OAUTH_SESSION,
				ATPROTO_PKCE_UTIL,
				ATPROTO_SECP256K1,
				ATPROTO_SESSION,
				ATPROTO_SECP256K1_WRAPPER,
				ATPROTO_BLOB_STORAGE,
				ATPROTO_MIME_TYPE_VALIDATOR,
				ATPROTO_PDS_DATABASE,
				ATPROTO_SCHEMA,
				ATPROTO_HTTP_REQUEST,
				ATPROTO_HTTP_RESPONSE,
				ATPROTO_HTTP_SERVER,
				ATPROTO_RATE_LIMITER,
				ATPROTO_XRPC_HANDLER,
				ATPROTO_XRPC_METHOD_REGISTRY,
				ATPROTO_CAR,
				ATPROTO_CBOR,
				ATPROTO_MST,
				ATPROTO_MST_PERSISTENCE,
				ATPROTO_REPO_COMMIT,
				ATPROTO_EVENT_FORMATTER,
				ATPROTO_FIREHOSE,
				ATPROTO_RELAY_CLIENT,
				ATPROTO_SUBSCRIBE_REPOS_HANDLER,
				ATPROTO_WEBSOCKET_CONNECTION,
				ATPROTO_WEBSOCKET_SERVER,
				ATPROTO_HANDLE_RESOLVER,
				ATPROTO_FEDERATION_CLIENT,
				ATPROTO_ADMIN_MIDDLEWARE,
				ATPROTO_ADMIN_SERVICE,
				ATPROTO_PDS_ADMIN_AUTH,
				ATPROTO_PDS_ADMIN_HANDLER,
				ATPROTO_ACTOR_SERVICE,
				ATPROTO_FEED_SERVICE,
				ATPROTO_NOTIFICATION_SERVICE,
				ATPROTO_PDS_METRICS,
				ATPROTO_PDS_LOGGER,
			);
			runOnlyForDeploymentPostprocessing = 0;
		};
		BLOB_TESTS_SOURCES_PHASE = {
			isa = PBXShellScriptBuildPhase;
			buildActionMask = 2147483647;
			files = (
				ATPROTO_BLOB_STORAGE_TESTS,
				ATPROTO_BLOB_STORAGE,
				ATPROTO_MIME_TYPE_VALIDATOR,
				ATPROTO_PDS_DATABASE,
				ATPROTO_SCHEMA,
				ATPROTO_CID,
			);
			runOnlyForDeploymentPostprocessing = 0;
		};
		HTTP_TESTS_SOURCES_PHASE = {
			isa = PBXShellScriptBuildPhase;
			buildActionMask = 2147483647;
			files = (
				ATPROTO_HTTP_SERVER_TEST,
				ATPROTO_HTTP_SERVER,
				ATPROTO_HTTP_REQUEST,
				ATPROTO_HTTP_RESPONSE,
				ATPROTO_XRPC_HANDLER,
			);
			runOnlyForDeploymentPostprocessing = 0;
		};
/* End PBXShellScriptBuildPhase section */

/* Begin PBXFrameworksBuildPhase section */
		ATPROTO_FRAMEWORKS_PHASE = {
			isa = PBXFrameworksBuildPhase;
			buildActionMask = 2147483647;
			files = (
			);
			runOnlyForDeploymentPostprocessing = 0;
		};
		BLOB_TESTS_FRAMEWORKS_PHASE = {
			isa = PBXFrameworksBuildPhase;
			buildActionMask = 2147483647;
			files = (
			);
			runOnlyForDeploymentPostprocessing = 0;
		};
		HTTP_TESTS_FRAMEWORKS_PHASE = {
			isa = PBXFrameworksBuildPhase;
			buildActionMask = 2147483647;
			files = (
			);
			runOnlyForDeploymentPostprocessing = 0;
		};
/* End PBXFrameworksBuildPhase section */

/* Begin PBXCopyFilesBuildPhase section */
		ATPROTO_COPY_FILES_PHASE = {
			isa = PBXCopyFilesBuildPhase;
			buildActionMask = 2147483647;
			destinationPath = "";
			destinationSubfolder = 0;
			files = (
			);
			runOnlyForDeploymentPostprocessing = 0;
		};
/* End PBXCopyFilesBuildPhase section */

/* Begin XCBuildConfiguration section */
		DEBUG_CONFIG = {
			isa = XCBuildConfiguration;
			baseConfigurationReference = ATPROTO_XCCONFIG;
			buildSettings = {
				ALLOW_SEARCHING_PATHS_IN_SECURE_CONTEXT = YES;
				CLANG_ENABLE_OBJC_ARC = YES;
				CLANG_ENABLE_MODULES = YES;
				CLANG_WARN_BLOCK_CAPTURE_AUTORELEASING = YES;
				CLANG_WARN_BOOL_CONVERSION = YES;
				CLANG_WARN_COMMA = YES;
				CLANG_WARN_CONSTANT_CONVERSION = YES;
				CLANG_WARN_DEPRECATED_OBJC_IMPLEMENTATIONS = YES;
				CLANG_WARN_DIRECT_OBJC_ISA_USAGE = YES_ERROR;
				CLANG_WARN_DOCUMENTATION_COMMENTS = YES;
				CLANG_WARN_EMPTY_BODY = YES;
				CLANG_WARN_ENUM_CONVERSION = YES;
				CLANG_WARN_INFINITE_RECURSION = YES;
				CLANG_WARN_INT_CONVERSION = YES;
				CLANG_WARN_NON_LITERAL_NULL_CONVERSION = YES;
				CLANG_WARN_OBJC_IMPLICIT_RETAIN_SELF = YES;
				CLANG_WARN_OBJC_LITERAL_CONVERSION = YES;
				CLANG_WARN_OBJC_ROOT_CLASS = YES_ERROR;
				CLANG_WARN_QUOTED_INCLUDE_IN_FRAMEWORK_HEADER = YES;
				CLANG_WARN_RANGE_LOOP_ANALYSIS = YES;
				CLANG_WARN_STRICT_PROTOTYPES = YES;
				CLANG_WARN_SUSPICIOUS_MOVE = YES;
				CLANG_WARN_UNGUARDED_AVAILABILITY = YES_AGGRESSIVE;
				CLANG_WARN_UNREACHABLE_CODE = YES;
				ENABLE_STRICT_OBJC_MSGSEND = YES;
				GCC_NO_COMMON_BLOCKS = YES;
				GCC_WARN_64_TO_32_BIT_CONVERSION = YES;
				GCC_WARN_ABOUT_RETURN_TYPE = YES_ERROR;
				GCC_WARN_UNDECLARED_SELECTOR = YES;
				GCC_WARN_UNINITIALIZED_AUTOS = YES_AGGRESSIVE;
				GCC_WARN_UNUSED_FUNCTION = YES;
				GCC_WARN_UNUSED_VARIABLE = YES;
				HEADER_SEARCH_PATHS = (
					"$(PROJECT_DIR)/ATProtoPDS/Sources",
					"$(PROJECT_DIR)/secp256k1/include",
				);
				MACOSX_DEPLOYMENT_TARGET = 13.0;
				MTL_ENABLE_DEBUG_INFO = INCLUDE_SOURCE;
				MTL_FAST_MATH = YES;
				ONLY_ACTIVE_ARCH = YES;
				OTHER_LDFLAGS = (
					"-framework",
					Foundation,
					"-framework",
					AppKit,
					"-framework",
					Network,
					"-framework",
					Security,
					"-lsqlite3",
					"-lsecp256k1",
				);
				SDKROOT = macosx;
			};
			name = Debug;
		};
		RELEASE_CONFIG = {
			isa = XCBuildConfiguration;
			baseConfigurationReference = ATPROTO_XCCONFIG;
			buildSettings = {
				ALLOW_SEARCHING_PATHS_IN_SECURE_CONTEXT = YES;
				CLANG_ENABLE_OBJC_ARC = YES;
				CLANG_ENABLE_MODULES = YES;
				CLANG_WARN_BLOCK_CAPTURE_AUTORELEASING = YES;
				CLANG_WARN_BOOL_CONVERSION = YES;
				CLANG_WARN_COMMA = YES;
				CLANG_WARN_CONSTANT_CONVERSION = YES;
				CLANG_WARN_DEPRECATED_OBJC_IMPLEMENTATIONS = YES;
				CLANG_WARN_DIRECT_OBJC_ISA_USAGE = YES_ERROR;
				CLANG_WARN_DOCUMENTATION_COMMENTS = YES;
				CLANG_WARN_EMPTY_BODY = YES;
				CLANG_WARN_ENUM_CONVERSION = YES;
				CLANG_WARN_INFINITE_RECURSION = YES;
				CLANG_WARN_INT_CONVERSION = YES;
				CLANG_WARN_NON_LITERAL_NULL_CONVERSION = YES;
				CLANG_WARN_OBJC_IMPLICIT_RETAIN_SELF = YES;
				CLANG_WARN_OBJC_LITERAL_CONVERSION = YES;
				CLANG_WARN_OBJC_ROOT_CLASS = YES_ERROR;
				CLANG_WARN_QUOTED_INCLUDE_IN_FRAMEWORK_HEADER = YES;
				CLANG_WARN_RANGE_LOOP_ANALYSIS = YES;
				CLANG_WARN_STRICT_PROTOTYPES = YES;
				CLANG_WARN_SUSPICIOUS_MOVE = YES;
				CLANG_WARN_UNGUARDED_AVAILABILITY = YES_AGGRESSIVE;
				CLANG_WARN_UNREACHABLE_CODE = YES;
				ENABLE_STRICT_OBJC_MSGSEND = YES;
				GCC_NO_COMMON_BLOCKS = YES;
				GCC_WARN_64_TO_32_BIT_CONVERSION = YES;
				GCC_WARN_ABOUT_RETURN_TYPE = YES_ERROR;
				GCC_WARN_UNDECLARED_SELECTOR = YES;
				GCC_WARN_UNINITIALIZED_AUTOS = YES_AGGRESSIVE;
				GCC_WARN_UNUSED_FUNCTION = YES;
				GCC_WARN_UNUSED_VARIABLE = YES;
				HEADER_SEARCH_PATHS = (
					"$(PROJECT_DIR)/ATProtoPDS/Sources",
					"$(PROJECT_DIR)/secp256k1/include",
				);
				MACOSX_DEPLOYMENT_TARGET = 13.0;
				MTL_ENABLE_DEBUG_INFO = NO;
				MTL_FAST_MATH = YES;
				OTHER_LDFLAGS = (
					"-framework",
					Foundation,
					"-framework",
					AppKit,
					"-framework",
					Network,
					"-framework",
					Security,
					"-lsqlite3",
					"-lsecp256k1",
				);
				SDKROOT = macosx;
			};
			name = Release;
		};
/* End XCBuildConfiguration section */

/* Begin XCConfigurationList section */
		PROJECT_CONFIG_LIST = {
			isa = XCConfigurationList;
			buildConfigurations = (
				DEBUG_CONFIG,
				RELEASE_CONFIG,
			);
			defaultConfigurationIsVisible = 0;
			defaultConfigurationName = Release;
		};
		ATPROTO_BUILD_CONFIG_LIST = {
			isa = XCConfigurationList;
			buildConfigurations = (
				DEBUG_CONFIG,
				RELEASE_CONFIG,
			);
			defaultConfigurationIsVisible = 0;
			defaultConfigurationName = Release;
		};
		BLOB_TESTS_CONFIG_LIST = {
			isa = XCConfigurationList;
			buildConfigurations = (
				DEBUG_CONFIG,
				RELEASE_CONFIG,
			);
			defaultConfigurationIsVisible = 0;
			defaultConfigurationName = Release;
		};
		HTTP_TESTS_CONFIG_LIST = {
			isa = XCConfigurationList;
			buildConfigurations = (
				DEBUG_CONFIG,
				RELEASE_CONFIG,
			);
			defaultConfigurationIsVisible = 0;
			defaultConfigurationName = Release;
		};
/* End XCConfigurationList section */
	};
	rootObject = PROJECT;
}
