// !$*UTF8*$!
{
	archiveVersion = 1;
	classes = {
	};
	objectVersion = 77;
	objects = {

/* Begin PBXFileReference section */
		10648047671F3EEF9DBA653B /* zuk */ = {isa = PBXFileReference; includeInIndex = 0; path = zuk; sourceTree = BUILT_PRODUCTS_DIR; };
		13D39D462940FBEA3280A732 /* Fuzzers */ = {isa = PBXFileReference; includeInIndex = 0; path = Fuzzers; sourceTree = BUILT_PRODUCTS_DIR; };
		383653C551C4015E1A51205C /* kaszlak */ = {isa = PBXFileReference; includeInIndex = 0; path = kaszlak; sourceTree = BUILT_PRODUCTS_DIR; };
		9116AA617AA1E2F99D962951 /* AllTests */ = {isa = PBXFileReference; includeInIndex = 0; path = AllTests; sourceTree = BUILT_PRODUCTS_DIR; };
		C90E0F0D7770DF3CC739ACC5 /* campagnola */ = {isa = PBXFileReference; includeInIndex = 0; path = campagnola; sourceTree = BUILT_PRODUCTS_DIR; };
/* End PBXFileReference section */

/* Begin PBXGroup section */
		4DA04A1054A711EAF15DFF66 = {
			isa = PBXGroup;
			children = (
				55EF0F65D496D33ACB0EE6E3 /* Products */,
			);
			sourceTree = "<group>";
		};
		55EF0F65D496D33ACB0EE6E3 /* Products */ = {
			isa = PBXGroup;
			children = (
				9116AA617AA1E2F99D962951 /* AllTests */,
				C90E0F0D7770DF3CC739ACC5 /* campagnola */,
				13D39D462940FBEA3280A732 /* Fuzzers */,
				383653C551C4015E1A51205C /* kaszlak */,
				10648047671F3EEF9DBA653B /* zuk */,
			);
			name = Products;
			sourceTree = "<group>";
		};
/* End PBXGroup section */

/* Begin PBXNativeTarget section */
		19A684A76685AAE3123D56F9 /* Fuzzers */ = {
			isa = PBXNativeTarget;
			buildConfigurationList = E6771ACB5E8BAD3FA7731B9F /* Build configuration list for PBXNativeTarget "Fuzzers" */;
			buildPhases = (
				0B7FA4514D7DD7A1982BB1F5 /* Build Fuzzers with CMake */,
				A1D1AFD68E6840C48E789071 /* Sources */,
			);
			buildRules = (
			);
			dependencies = (
			);
			name = Fuzzers;
			packageProductDependencies = (
			);
			productName = Fuzzers;
			productReference = 13D39D462940FBEA3280A732 /* Fuzzers */;
			productType = "com.apple.product-type.tool";
		};
		3BC869A100B31A072F84B1F9 /* campagnola */ = {
			isa = PBXNativeTarget;
			buildConfigurationList = B8F2ADF89CA8EB2A0ED8161F /* Build configuration list for PBXNativeTarget "campagnola" */;
			buildPhases = (
				27CDABED0F81DC03B1FD6AA5 /* Build PLC with CMake */,
				212AB002428D18BA7094C7EE /* Sources */,
			);
			buildRules = (
			);
			dependencies = (
			);
			name = campagnola;
			packageProductDependencies = (
			);
			productName = campagnola;
			productReference = C90E0F0D7770DF3CC739ACC5 /* campagnola */;
			productType = "com.apple.product-type.tool";
		};
		580DDE7E7B892F34DD807680 /* zuk */ = {
			isa = PBXNativeTarget;
			buildConfigurationList = 10BAC04252201D541B14EC2F /* Build configuration list for PBXNativeTarget "zuk" */;
			buildPhases = (
				1E0AB14E01D92B925BA5BAFC /* Build Zuk with CMake */,
				1EA4DD18F26AFAF469180FCB /* Sources */,
			);
			buildRules = (
			);
			dependencies = (
			);
			name = zuk;
			packageProductDependencies = (
			);
			productName = zuk;
			productReference = 10648047671F3EEF9DBA653B /* zuk */;
			productType = "com.apple.product-type.tool";
		};
		9F7F3F370E6ABECF7565CA85 /* AllTests */ = {
			isa = PBXNativeTarget;
			buildConfigurationList = 3558B3850091D76095F6902A /* Build configuration list for PBXNativeTarget "AllTests" */;
			buildPhases = (
				2B198A56150AAB61D5D9F5DD /* Build Tests with CMake */,
				7CAF326E9B4FFDCCD3C57B18 /* Sources */,
			);
			buildRules = (
			);
			dependencies = (
			);
			name = AllTests;
			packageProductDependencies = (
			);
			productName = AllTests;
			productReference = 9116AA617AA1E2F99D962951 /* AllTests */;
			productType = "com.apple.product-type.tool";
		};
		A455E7733840859F7F855284 /* kaszlak */ = {
			isa = PBXNativeTarget;
			buildConfigurationList = 444CD5D7F7847A4992EEC297 /* Build configuration list for PBXNativeTarget "kaszlak" */;
			buildPhases = (
				66A7DD885C7AF9055A923230 /* Build with CMake */,
				99FFAF0D46D2997EA884759F /* Sources */,
			);
			buildRules = (
			);
			dependencies = (
			);
			name = kaszlak;
			packageProductDependencies = (
			);
			productName = kaszlak;
			productReference = 383653C551C4015E1A51205C /* kaszlak */;
			productType = "com.apple.product-type.tool";
		};
/* End PBXNativeTarget section */

/* Begin PBXProject section */
		08C966C6EE1CE129494A84AE /* Project object */ = {
			isa = PBXProject;
			attributes = {
				BuildIndependentTargetsInParallel = YES;
				LastUpgradeCheck = 1430;
			};
			buildConfigurationList = 19F9A6F379A06F87C344F58C /* Build configuration list for PBXProject "ATProtoPDS" */;
			compatibilityVersion = "Xcode 14.0";
			developmentRegion = en;
			hasScannedForEncodings = 0;
			knownRegions = (
				Base,
				en,
			);
			mainGroup = 4DA04A1054A711EAF15DFF66;
			minimizedProjectReferenceProxies = 1;
			preferredProjectObjectVersion = 77;
			projectDirPath = "";
			projectRoot = "";
			targets = (
				9F7F3F370E6ABECF7565CA85 /* AllTests */,
				19A684A76685AAE3123D56F9 /* Fuzzers */,
				3BC869A100B31A072F84B1F9 /* campagnola */,
				A455E7733840859F7F855284 /* kaszlak */,
				580DDE7E7B892F34DD807680 /* zuk */,
			);
		};
/* End PBXProject section */

/* Begin PBXShellScriptBuildPhase section */
		0B7FA4514D7DD7A1982BB1F5 /* Build Fuzzers with CMake */ = {
			isa = PBXShellScriptBuildPhase;
			alwaysOutOfDate = 1;
			buildActionMask = 2147483647;
			files = (
			);
			inputFileListPaths = (
			);
			inputPaths = (
			);
			name = "Build Fuzzers with CMake";
			outputFileListPaths = (
			);
			outputPaths = (
			);
			runOnlyForDeploymentPostprocessing = 0;
			shellPath = /bin/sh;
			shellScript = "#!/bin/bash\nset -e\nmkdir -p \"${PROJECT_DIR}/build\"\ncd \"${PROJECT_DIR}/build\"\nXCODE_CLANG=\"$(xcrun -find clang)\"\nXCODE_CLANGXX=\"$(xcrun -find clang++)\"\nif [ -f CMakeCache.txt ] && grep -q \"/\\\\.swiftly/bin/cc\" CMakeCache.txt; then\n  rm -f CMakeCache.txt\n  rm -rf CMakeFiles\nfi\n# Configure and build fuzzers\ncmake .. \\\n  -DCMAKE_BUILD_TYPE=${CONFIGURATION} \\\n  -DCMAKE_OSX_DEPLOYMENT_TARGET=14.0 \\\n  -DCMAKE_C_COMPILER=\"${XCODE_CLANG}\" \\\n  -DCMAKE_CXX_COMPILER=\"${XCODE_CLANGXX}\" \\\n  -DCMAKE_OBJC_COMPILER=\"${XCODE_CLANG}\" \\\n  -DCMAKE_OBJCXX_COMPILER=\"${XCODE_CLANGXX}\" \\\n  -DBUILD_SECP256K1=ON \\\n  -DBUILD_TESTS=OFF \\\n  -DBUILD_FUZZERS=ON\ncmake --build . --parallel $(sysctl -n hw.ncpu) --target fuzz_xrpc fuzz_cbor fuzz_http fuzz_auth\n";
		};
		1E0AB14E01D92B925BA5BAFC /* Build Zuk with CMake */ = {
			isa = PBXShellScriptBuildPhase;
			alwaysOutOfDate = 1;
			buildActionMask = 2147483647;
			files = (
			);
			inputFileListPaths = (
			);
			inputPaths = (
			);
			name = "Build Zuk with CMake";
			outputFileListPaths = (
			);
			outputPaths = (
			);
			runOnlyForDeploymentPostprocessing = 0;
			shellPath = /bin/sh;
			shellScript = "#!/bin/bash\nset -e\nmkdir -p \"${PROJECT_DIR}/build\"\ncd \"${PROJECT_DIR}/build\"\nXCODE_CLANG=\"$(xcrun -find clang)\"\nXCODE_CLANGXX=\"$(xcrun -find clang++)\"\nif [ -f CMakeCache.txt ] && grep -q \"/\\\\.swiftly/bin/cc\" CMakeCache.txt; then\n  rm -f CMakeCache.txt\n  rm -rf CMakeFiles\nfi\n# Configure and build\ncmake .. \\\n  -DCMAKE_BUILD_TYPE=${CONFIGURATION} \\\n  -DCMAKE_OSX_DEPLOYMENT_TARGET=14.0 \\\n  -DCMAKE_C_COMPILER=\"${XCODE_CLANG}\" \\\n  -DCMAKE_CXX_COMPILER=\"${XCODE_CLANGXX}\" \\\n  -DCMAKE_OBJC_COMPILER=\"${XCODE_CLANG}\" \\\n  -DCMAKE_OBJCXX_COMPILER=\"${XCODE_CLANGXX}\" \\\n  -DBUILD_SECP256K1=ON \\\n  -DBUILD_TESTS=OFF \\\n  -DBUILD_FUZZERS=OFF\ncmake --build . --target zuk --parallel $(sysctl -n hw.ncpu)\n";
		};
		27CDABED0F81DC03B1FD6AA5 /* Build PLC with CMake */ = {
			isa = PBXShellScriptBuildPhase;
			alwaysOutOfDate = 1;
			buildActionMask = 2147483647;
			files = (
			);
			inputFileListPaths = (
			);
			inputPaths = (
			);
			name = "Build PLC with CMake";
			outputFileListPaths = (
			);
			outputPaths = (
			);
			runOnlyForDeploymentPostprocessing = 0;
			shellPath = /bin/sh;
			shellScript = "#!/bin/bash\nset -e\nmkdir -p \"${PROJECT_DIR}/build\"\ncd \"${PROJECT_DIR}/build\"\nXCODE_CLANG=\"$(xcrun -find clang)\"\nXCODE_CLANGXX=\"$(xcrun -find clang++)\"\nif [ -f CMakeCache.txt ] && grep -q \"/\\\\.swiftly/bin/cc\" CMakeCache.txt; then\n  rm -f CMakeCache.txt\n  rm -rf CMakeFiles\nfi\n# Configure and build\ncmake .. \\\n  -DCMAKE_BUILD_TYPE=${CONFIGURATION} \\\n  -DCMAKE_OSX_DEPLOYMENT_TARGET=14.0 \\\n  -DCMAKE_C_COMPILER=\"${XCODE_CLANG}\" \\\n  -DCMAKE_CXX_COMPILER=\"${XCODE_CLANGXX}\" \\\n  -DCMAKE_OBJC_COMPILER=\"${XCODE_CLANG}\" \\\n  -DCMAKE_OBJCXX_COMPILER=\"${XCODE_CLANGXX}\" \\\n  -DBUILD_SECP256K1=ON \\\n  -DBUILD_TESTS=OFF \\\n  -DBUILD_FUZZERS=OFF\ncmake --build . --target campagnola --parallel $(sysctl -n hw.ncpu)\n";
		};
		2B198A56150AAB61D5D9F5DD /* Build Tests with CMake */ = {
			isa = PBXShellScriptBuildPhase;
			alwaysOutOfDate = 1;
			buildActionMask = 2147483647;
			files = (
			);
			inputFileListPaths = (
			);
			inputPaths = (
			);
			name = "Build Tests with CMake";
			outputFileListPaths = (
			);
			outputPaths = (
			);
			runOnlyForDeploymentPostprocessing = 0;
			shellPath = /bin/sh;
			shellScript = "#!/bin/bash\nset -e\nmkdir -p \"${PROJECT_DIR}/build\"\ncd \"${PROJECT_DIR}/build\"\nXCODE_CLANG=\"$(xcrun -find clang)\"\nXCODE_CLANGXX=\"$(xcrun -find clang++)\"\nif [ -f CMakeCache.txt ] && grep -q \"/\\\\.swiftly/bin/cc\" CMakeCache.txt; then\n  rm -f CMakeCache.txt\n  rm -rf CMakeFiles\nfi\n# Configure and build tests\ncmake .. \\\n  -DCMAKE_BUILD_TYPE=${CONFIGURATION} \\\n  -DCMAKE_OSX_DEPLOYMENT_TARGET=14.0 \\\n  -DCMAKE_C_COMPILER=\"${XCODE_CLANG}\" \\\n  -DCMAKE_CXX_COMPILER=\"${XCODE_CLANGXX}\" \\\n  -DCMAKE_OBJC_COMPILER=\"${XCODE_CLANG}\" \\\n  -DCMAKE_OBJCXX_COMPILER=\"${XCODE_CLANGXX}\" \\\n  -DBUILD_SECP256K1=ON \\\n  -DBUILD_TESTS=ON \\\n  -DBUILD_FUZZERS=OFF\ncmake --build . --target AllTests --parallel $(sysctl -n hw.ncpu)\n";
		};
		66A7DD885C7AF9055A923230 /* Build with CMake */ = {
			isa = PBXShellScriptBuildPhase;
			alwaysOutOfDate = 1;
			buildActionMask = 2147483647;
			files = (
			);
			inputFileListPaths = (
			);
			inputPaths = (
			);
			name = "Build with CMake";
			outputFileListPaths = (
			);
			outputPaths = (
			);
			runOnlyForDeploymentPostprocessing = 0;
			shellPath = /bin/sh;
			shellScript = "#!/bin/bash\nset -e\nmkdir -p \"${PROJECT_DIR}/build\"\ncd \"${PROJECT_DIR}/build\"\nXCODE_CLANG=\"$(xcrun -find clang)\"\nXCODE_CLANGXX=\"$(xcrun -find clang++)\"\n# CMake does not allow changing compilers in an existing build directory.\n# If this build dir was configured via ~/.swiftly/bin/cc, reset it.\nif [ -f CMakeCache.txt ] && grep -q \"/\\\\.swiftly/bin/cc\" CMakeCache.txt; then\n  rm -f CMakeCache.txt\n  rm -rf CMakeFiles\nfi\n# Configure and build\ncmake .. \\\n  -DCMAKE_BUILD_TYPE=${CONFIGURATION} \\\n  -DCMAKE_OSX_DEPLOYMENT_TARGET=14.0 \\\n  -DCMAKE_C_COMPILER=\"${XCODE_CLANG}\" \\\n  -DCMAKE_CXX_COMPILER=\"${XCODE_CLANGXX}\" \\\n  -DCMAKE_OBJC_COMPILER=\"${XCODE_CLANG}\" \\\n  -DCMAKE_OBJCXX_COMPILER=\"${XCODE_CLANGXX}\" \\\n  -DBUILD_SECP256K1=ON \\\n  -DBUILD_TESTS=OFF \\\n  -DBUILD_FUZZERS=OFF\ncmake --build . --target kaszlak --parallel $(sysctl -n hw.ncpu)\n";
		};
/* End PBXShellScriptBuildPhase section */

/* Begin PBXSourcesBuildPhase section */
		1EA4DD18F26AFAF469180FCB /* Sources */ = {
			isa = PBXSourcesBuildPhase;
			buildActionMask = 2147483647;
			files = (
			);
			runOnlyForDeploymentPostprocessing = 0;
		};
		212AB002428D18BA7094C7EE /* Sources */ = {
			isa = PBXSourcesBuildPhase;
			buildActionMask = 2147483647;
			files = (
			);
			runOnlyForDeploymentPostprocessing = 0;
		};
		7CAF326E9B4FFDCCD3C57B18 /* Sources */ = {
			isa = PBXSourcesBuildPhase;
			buildActionMask = 2147483647;
			files = (
			);
			runOnlyForDeploymentPostprocessing = 0;
		};
		99FFAF0D46D2997EA884759F /* Sources */ = {
			isa = PBXSourcesBuildPhase;
			buildActionMask = 2147483647;
			files = (
			);
			runOnlyForDeploymentPostprocessing = 0;
		};
		A1D1AFD68E6840C48E789071 /* Sources */ = {
			isa = PBXSourcesBuildPhase;
			buildActionMask = 2147483647;
			files = (
			);
			runOnlyForDeploymentPostprocessing = 0;
		};
/* End PBXSourcesBuildPhase section */

/* Begin XCBuildConfiguration section */
		216530F48B1A1B9766F3EE3F /* Release */ = {
			isa = XCBuildConfiguration;
			buildSettings = {
				CLANG_C_LANGUAGE_STANDARD = c11;
				CLANG_ENABLE_OBJC_ARC = YES;
				CLANG_WARN_BLOCK_CAPTURE_AUTORELEASING = YES;
				CLANG_WARN_DOCUMENTATION_COMMENTS = YES;
				MACOSX_DEPLOYMENT_TARGET = 14.0;
				SDKROOT = macosx;
			};
			name = Release;
		};
		275253DF1920D78CC8F11EE6 /* Debug */ = {
			isa = XCBuildConfiguration;
			buildSettings = {
				EXECUTABLE_PATH = "$(PROJECT_DIR)/build/bin/zuk";
				INFOPLIST_FILE = Garazyk/Resources/Info.plist;
				MACOSX_DEPLOYMENT_TARGET = 14.0;
				PRODUCT_BUNDLE_IDENTIFIER = com.atproto.zuk;
				PRODUCT_NAME = zuk;
			};
			name = Debug;
		};
		5E99BC093EE4FDF678342FF6 /* Debug */ = {
			isa = XCBuildConfiguration;
			buildSettings = {
				CLANG_C_LANGUAGE_STANDARD = c11;
				CLANG_ENABLE_OBJC_ARC = YES;
				CLANG_WARN_BLOCK_CAPTURE_AUTORELEASING = YES;
				CLANG_WARN_DOCUMENTATION_COMMENTS = YES;
				MACOSX_DEPLOYMENT_TARGET = 14.0;
				SDKROOT = macosx;
			};
			name = Debug;
		};
		74ACB4932C6488E175C702C7 /* Debug */ = {
			isa = XCBuildConfiguration;
			buildSettings = {
				EXECUTABLE_PATH = "$(PROJECT_DIR)/build/bin/campagnola";
				INFOPLIST_FILE = Garazyk/Resources/Info.plist;
				MACOSX_DEPLOYMENT_TARGET = 14.0;
				PRODUCT_BUNDLE_IDENTIFIER = com.atproto.campagnola;
				PRODUCT_NAME = campagnola;
			};
			name = Debug;
		};
		7E55FD02412F0501D9B5A497 /* Debug */ = {
			isa = XCBuildConfiguration;
			buildSettings = {
				EXECUTABLE_PATH = "$(PROJECT_DIR)/build/tests/AllTests";
				INFOPLIST_FILE = Garazyk/Resources/Info.plist;
				MACOSX_DEPLOYMENT_TARGET = 14.0;
				PRODUCT_BUNDLE_IDENTIFIER = com.atproto.AllTests;
				PRODUCT_NAME = AllTests;
			};
			name = Debug;
		};
		8680D1DA4240B2707DD03A16 /* Debug */ = {
			isa = XCBuildConfiguration;
			buildSettings = {
				PRODUCT_BUNDLE_IDENTIFIER = com.atproto.Fuzzers;
				PRODUCT_NAME = Fuzzers;
			};
			name = Debug;
		};
		933D67B8AA16DB76C1A0D9FA /* Release */ = {
			isa = XCBuildConfiguration;
			buildSettings = {
				EXECUTABLE_PATH = "$(PROJECT_DIR)/build/bin/kaszlak";
				INFOPLIST_FILE = Garazyk/Resources/Info.plist;
				MACOSX_DEPLOYMENT_TARGET = 14.0;
				PRODUCT_BUNDLE_IDENTIFIER = com.atproto.kaszlak;
				PRODUCT_NAME = kaszlak;
			};
			name = Release;
		};
		9D014E872523E169B6D79D2B /* Release */ = {
			isa = XCBuildConfiguration;
			buildSettings = {
				PRODUCT_BUNDLE_IDENTIFIER = com.atproto.Fuzzers;
				PRODUCT_NAME = Fuzzers;
			};
			name = Release;
		};
		A8D2E3738529BEA4111BEC38 /* Release */ = {
			isa = XCBuildConfiguration;
			buildSettings = {
				EXECUTABLE_PATH = "$(PROJECT_DIR)/build/bin/zuk";
				INFOPLIST_FILE = Garazyk/Resources/Info.plist;
				MACOSX_DEPLOYMENT_TARGET = 14.0;
				PRODUCT_BUNDLE_IDENTIFIER = com.atproto.zuk;
				PRODUCT_NAME = zuk;
			};
			name = Release;
		};
		B49860E9FF906EDA0DD6E85B /* Release */ = {
			isa = XCBuildConfiguration;
			buildSettings = {
				EXECUTABLE_PATH = "$(PROJECT_DIR)/build/bin/campagnola";
				INFOPLIST_FILE = Garazyk/Resources/Info.plist;
				MACOSX_DEPLOYMENT_TARGET = 14.0;
				PRODUCT_BUNDLE_IDENTIFIER = com.atproto.campagnola;
				PRODUCT_NAME = campagnola;
			};
			name = Release;
		};
		DB86B10E66C4A8EAC736030B /* Release */ = {
			isa = XCBuildConfiguration;
			buildSettings = {
				EXECUTABLE_PATH = "$(PROJECT_DIR)/build/tests/AllTests";
				INFOPLIST_FILE = Garazyk/Resources/Info.plist;
				MACOSX_DEPLOYMENT_TARGET = 14.0;
				PRODUCT_BUNDLE_IDENTIFIER = com.atproto.AllTests;
				PRODUCT_NAME = AllTests;
			};
			name = Release;
		};
		E35E51E818624B5D064479AA /* Debug */ = {
			isa = XCBuildConfiguration;
			buildSettings = {
				EXECUTABLE_PATH = "$(PROJECT_DIR)/build/bin/kaszlak";
				INFOPLIST_FILE = Garazyk/Resources/Info.plist;
				MACOSX_DEPLOYMENT_TARGET = 14.0;
				PRODUCT_BUNDLE_IDENTIFIER = com.atproto.kaszlak;
				PRODUCT_NAME = kaszlak;
			};
			name = Debug;
		};
/* End XCBuildConfiguration section */

/* Begin XCConfigurationList section */
		10BAC04252201D541B14EC2F /* Build configuration list for PBXNativeTarget "zuk" */ = {
			isa = XCConfigurationList;
			buildConfigurations = (
				275253DF1920D78CC8F11EE6 /* Debug */,
				A8D2E3738529BEA4111BEC38 /* Release */,
			);
			defaultConfigurationIsVisible = 0;
			defaultConfigurationName = Debug;
		};
		19F9A6F379A06F87C344F58C /* Build configuration list for PBXProject "ATProtoPDS" */ = {
			isa = XCConfigurationList;
			buildConfigurations = (
				5E99BC093EE4FDF678342FF6 /* Debug */,
				216530F48B1A1B9766F3EE3F /* Release */,
			);
			defaultConfigurationIsVisible = 0;
			defaultConfigurationName = Debug;
		};
		3558B3850091D76095F6902A /* Build configuration list for PBXNativeTarget "AllTests" */ = {
			isa = XCConfigurationList;
			buildConfigurations = (
				7E55FD02412F0501D9B5A497 /* Debug */,
				DB86B10E66C4A8EAC736030B /* Release */,
			);
			defaultConfigurationIsVisible = 0;
			defaultConfigurationName = Debug;
		};
		444CD5D7F7847A4992EEC297 /* Build configuration list for PBXNativeTarget "kaszlak" */ = {
			isa = XCConfigurationList;
			buildConfigurations = (
				E35E51E818624B5D064479AA /* Debug */,
				933D67B8AA16DB76C1A0D9FA /* Release */,
			);
			defaultConfigurationIsVisible = 0;
			defaultConfigurationName = Debug;
		};
		B8F2ADF89CA8EB2A0ED8161F /* Build configuration list for PBXNativeTarget "campagnola" */ = {
			isa = XCConfigurationList;
			buildConfigurations = (
				74ACB4932C6488E175C702C7 /* Debug */,
				B49860E9FF906EDA0DD6E85B /* Release */,
			);
			defaultConfigurationIsVisible = 0;
			defaultConfigurationName = Debug;
		};
		E6771ACB5E8BAD3FA7731B9F /* Build configuration list for PBXNativeTarget "Fuzzers" */ = {
			isa = XCConfigurationList;
			buildConfigurations = (
				8680D1DA4240B2707DD03A16 /* Debug */,
				9D014E872523E169B6D79D2B /* Release */,
			);
			defaultConfigurationIsVisible = 0;
			defaultConfigurationName = Debug;
		};
/* End XCConfigurationList section */
	};
	rootObject = 08C966C6EE1CE129494A84AE /* Project object */;
}
