{
  "name": "@garazyk/mcp-pty",
  "version": "0.1.0",
  "lockfileVersion": 3,
  "requires": true,
  "packages": {
    "": {
      "name": "@garazyk/mcp-pty",
      "version": "0.1.0",
      "dependencies": {
        "@xterm/headless": "5.5.0",
        "node-pty": "1.0.0"
      },
      "devDependencies": {}
    },
    "node_modules/@xterm/headless": {
      "version": "5.5.0",
      "resolved": "https://registry.npmjs.org/@xterm/headless/-/headless-5.5.0.tgz",
      "integrity": "sha512-5xXB7kdQlFBP82ViMJTwwEc3gKCLGKR/eoxQm4zge7GPBl86tCdI0IdPJjoKd8mUSFXz5V7i/25sfsEkP4j46g==",
      "license": "MIT"
    },
    "node_modules/nan": {
      "version": "2.27.0",
      "resolved": "https://registry.npmjs.org/nan/-/nan-2.27.0.tgz",
      "integrity": "sha512-hC+0LidcL3XE4rp1C4H54KujgXKzbfyTngZTwBByQxsOxCEKZT0MPQ4hOKUH2jU1OYstqdDH4onyHPDzcV0XdQ==",
      "license": "MIT"
    },
    "node_modules/node-pty": {
      "version": "1.0.0",
      "resolved": "https://registry.npmjs.org/node-pty/-/node-pty-1.0.0.tgz",
      "integrity": "sha512-wtBMWWS7dFZm/VgqElrTvtfMq4GzJ6+edFI0Y0zyzygUSZMgZdraDUMUhCIvkjhJjme15qWmbyJbtAx4ot4uZA==",
      "hasInstallScript": true,
      "license": "MIT",
      "dependencies": {
        "nan": "^2.17.0"
      }
    }
  }
}
